// !$*UTF8*$!
{
	archiveVersion = 1;
	classes = {
	};
	objectVersion = 52;
	objects = {

/* Begin PBXBuildFile section */
		BC2DE80A27220DDE0015C190 /* ClimbServiceTests.swift in Sources */ = {isa = PBXBuildFile; fileRef = BC92708E269B71B2002734CD /* ClimbServiceTests.swift */; };
		BC2ECFD8269B852800838466 /* ClimbHistoryViewModel.swift in Sources */ = {isa = PBXBuildFile; fileRef = BC2ECFD7269B852800838466 /* ClimbHistoryViewModel.swift */; };
		BC2ECFDD269B877400838466 /* ClimbHistoryViewModelTests.swift in Sources */ = {isa = PBXBuildFile; fileRef = BC2ECFDC269B877400838466 /* ClimbHistoryViewModelTests.swift */; };
		BC2ECFF0269B9C7200838466 /* ClimbHistoryRow.swift in Sources */ = {isa = PBXBuildFile; fileRef = BC2ECFEF269B9C7200838466 /* ClimbHistoryRow.swift */; };
		BC43D976269A9E49002C984E /* AddClimbView.swift in Sources */ = {isa = PBXBuildFile; fileRef = BC43D975269A9E49002C984E /* AddClimbView.swift */; };
		BC43D981269AA146002C984E /* AddClimb.swift in Sources */ = {isa = PBXBuildFile; fileRef = BC43D980269AA146002C984E /* AddClimb.swift */; };
		BC43D98C269B1CED002C984E /* AddClimbViewUITests.swift in Sources */ = {isa = PBXBuildFile; fileRef = BC43D98B269B1CED002C984E /* AddClimbViewUITests.swift */; };
		BC43D993269B3852002C984E /* Climb.swift in Sources */ = {isa = PBXBuildFile; fileRef = BC43D992269B3852002C984E /* Climb.swift */; };
		BC43D9A4269B3D73002C984E /* HuecoGrade.swift in Sources */ = {isa = PBXBuildFile; fileRef = BC43D9A3269B3D73002C984E /* HuecoGrade.swift */; };
		BC43D9C6269B5CB5002C984E /* EventEnvelope.swift in Sources */ = {isa = PBXBuildFile; fileRef = BC43D9C5269B5CB5002C984E /* EventEnvelope.swift */; };
		BC467208268FB96E00B2CBE7 /* ClimbTrackerApp.swift in Sources */ = {isa = PBXBuildFile; fileRef = BC467207268FB96E00B2CBE7 /* ClimbTrackerApp.swift */; };
		BC46720A268FB96E00B2CBE7 /* ClimbHistoryList.swift in Sources */ = {isa = PBXBuildFile; fileRef = BC467209268FB96E00B2CBE7 /* ClimbHistoryList.swift */; };
		BC46720C268FB97000B2CBE7 /* Assets.xcassets in Resources */ = {isa = PBXBuildFile; fileRef = BC46720B268FB97000B2CBE7 /* Assets.xcassets */; };
		BC46720F268FB97000B2CBE7 /* Preview Assets.xcassets in Resources */ = {isa = PBXBuildFile; fileRef = BC46720E268FB97000B2CBE7 /* Preview Assets.xcassets */; };
		BC467225268FB97100B2CBE7 /* ClimbHistoryUITests.swift in Sources */ = {isa = PBXBuildFile; fileRef = BC467224268FB97100B2CBE7 /* ClimbHistoryUITests.swift */; };
		BC92708A269B7054002734CD /* ClimbEventService.swift in Sources */ = {isa = PBXBuildFile; fileRef = BC927089269B7054002734CD /* ClimbEventService.swift */; };
		BC9C2B8C26A6190B00520E04 /* YosemiteDecimalGrade.swift in Sources */ = {isa = PBXBuildFile; fileRef = BC9C2B8B26A6190B00520E04 /* YosemiteDecimalGrade.swift */; };
		BC9C2B9126A61B8400520E04 /* GradePicker.swift in Sources */ = {isa = PBXBuildFile; fileRef = BC9C2B9026A61B8400520E04 /* GradePicker.swift */; };
		BC9C2B9626A61BDA00520E04 /* AddClimbViewModel.swift in Sources */ = {isa = PBXBuildFile; fileRef = BC9C2B9526A61BDA00520E04 /* AddClimbViewModel.swift */; };
		BC9C2B9B26A7A2EF00520E04 /* CategoryPicker.swift in Sources */ = {isa = PBXBuildFile; fileRef = BC9C2B9A26A7A2EF00520E04 /* CategoryPicker.swift */; };
		BCC05BE026A9C123001B4C42 /* Category.swift in Sources */ = {isa = PBXBuildFile; fileRef = BCC05BDF26A9C122001B4C42 /* Category.swift */; };
		BCC05BE526A9C1D0001B4C42 /* Grade.swift in Sources */ = {isa = PBXBuildFile; fileRef = BCC05BE426A9C1D0001B4C42 /* Grade.swift */; };
		BCC05BEB26B6D2E1001B4C42 /* CombineExpectations in Frameworks */ = {isa = PBXBuildFile; productRef = BCC05BEA26B6D2E1001B4C42 /* CombineExpectations */; };
		BCCAEE4D2698FE75006F0707 /* Quick in Frameworks */ = {isa = PBXBuildFile; productRef = BCCAEE4C2698FE75006F0707 /* Quick */; };
		BCCAEE572698FEA2006F0707 /* Quick in Frameworks */ = {isa = PBXBuildFile; productRef = BCCAEE562698FEA2006F0707 /* Quick */; };
		BCCAEE5A2698FFAC006F0707 /* ClimbHistory.swift in Sources */ = {isa = PBXBuildFile; fileRef = BCCAEE592698FFAC006F0707 /* ClimbHistory.swift */; };
/* End PBXBuildFile section */

/* Begin PBXContainerItemProxy section */
		BC467216268FB97100B2CBE7 /* PBXContainerItemProxy */ = {
			isa = PBXContainerItemProxy;
			containerPortal = BC4671FC268FB96E00B2CBE7 /* Project object */;
			proxyType = 1;
			remoteGlobalIDString = BC467203268FB96E00B2CBE7;
			remoteInfo = ClimbTracker;
		};
		BC467221268FB97100B2CBE7 /* PBXContainerItemProxy */ = {
			isa = PBXContainerItemProxy;
			containerPortal = BC4671FC268FB96E00B2CBE7 /* Project object */;
			proxyType = 1;
			remoteGlobalIDString = BC467203268FB96E00B2CBE7;
			remoteInfo = ClimbTracker;
		};
/* End PBXContainerItemProxy section */

/* Begin PBXFileReference section */
		BC2ECFD7269B852800838466 /* ClimbHistoryViewModel.swift */ = {isa = PBXFileReference; lastKnownFileType = sourcecode.swift; path = ClimbHistoryViewModel.swift; sourceTree = "<group>"; };
		BC2ECFDC269B877400838466 /* ClimbHistoryViewModelTests.swift */ = {isa = PBXFileReference; lastKnownFileType = sourcecode.swift; path = ClimbHistoryViewModelTests.swift; sourceTree = "<group>"; };
		BC2ECFEF269B9C7200838466 /* ClimbHistoryRow.swift */ = {isa = PBXFileReference; lastKnownFileType = sourcecode.swift; path = ClimbHistoryRow.swift; sourceTree = "<group>"; };
		BC43D975269A9E49002C984E /* AddClimbView.swift */ = {isa = PBXFileReference; lastKnownFileType = sourcecode.swift; path = AddClimbView.swift; sourceTree = "<group>"; };
		BC43D980269AA146002C984E /* AddClimb.swift */ = {isa = PBXFileReference; lastKnownFileType = sourcecode.swift; path = AddClimb.swift; sourceTree = "<group>"; };
		BC43D98B269B1CED002C984E /* AddClimbViewUITests.swift */ = {isa = PBXFileReference; lastKnownFileType = sourcecode.swift; path = AddClimbViewUITests.swift; sourceTree = "<group>"; };
		BC43D992269B3852002C984E /* Climb.swift */ = {isa = PBXFileReference; lastKnownFileType = sourcecode.swift; path = Climb.swift; sourceTree = "<group>"; };
		BC43D9A3269B3D73002C984E /* HuecoGrade.swift */ = {isa = PBXFileReference; lastKnownFileType = sourcecode.swift; path = HuecoGrade.swift; sourceTree = "<group>"; };
		BC43D9C5269B5CB5002C984E /* EventEnvelope.swift */ = {isa = PBXFileReference; lastKnownFileType = sourcecode.swift; path = EventEnvelope.swift; sourceTree = "<group>"; };
		BC467204268FB96E00B2CBE7 /* ClimbTracker.app */ = {isa = PBXFileReference; explicitFileType = wrapper.application; includeInIndex = 0; path = ClimbTracker.app; sourceTree = BUILT_PRODUCTS_DIR; };
		BC467207268FB96E00B2CBE7 /* ClimbTrackerApp.swift */ = {isa = PBXFileReference; lastKnownFileType = sourcecode.swift; path = ClimbTrackerApp.swift; sourceTree = "<group>"; };
		BC467209268FB96E00B2CBE7 /* ClimbHistoryList.swift */ = {isa = PBXFileReference; lastKnownFileType = sourcecode.swift; path = ClimbHistoryList.swift; sourceTree = "<group>"; };
		BC46720B268FB97000B2CBE7 /* Assets.xcassets */ = {isa = PBXFileReference; lastKnownFileType = folder.assetcatalog; path = Assets.xcassets; sourceTree = "<group>"; };
		BC46720E268FB97000B2CBE7 /* Preview Assets.xcassets */ = {isa = PBXFileReference; lastKnownFileType = folder.assetcatalog; path = "Preview Assets.xcassets"; sourceTree = "<group>"; };
		BC467210268FB97000B2CBE7 /* Info.plist */ = {isa = PBXFileReference; lastKnownFileType = text.plist.xml; path = Info.plist; sourceTree = "<group>"; };
		BC467215268FB97100B2CBE7 /* ClimbTrackerTests.xctest */ = {isa = PBXFileReference; explicitFileType = wrapper.cfbundle; includeInIndex = 0; path = ClimbTrackerTests.xctest; sourceTree = BUILT_PRODUCTS_DIR; };
		BC46721B268FB97100B2CBE7 /* Info.plist */ = {isa = PBXFileReference; lastKnownFileType = text.plist.xml; path = Info.plist; sourceTree = "<group>"; };
		BC467220268FB97100B2CBE7 /* ClimbTrackerUITests.xctest */ = {isa = PBXFileReference; explicitFileType = wrapper.cfbundle; includeInIndex = 0; path = ClimbTrackerUITests.xctest; sourceTree = BUILT_PRODUCTS_DIR; };
		BC467224268FB97100B2CBE7 /* ClimbHistoryUITests.swift */ = {isa = PBXFileReference; lastKnownFileType = sourcecode.swift; path = ClimbHistoryUITests.swift; sourceTree = "<group>"; };
		BC467226268FB97100B2CBE7 /* Info.plist */ = {isa = PBXFileReference; lastKnownFileType = text.plist.xml; path = Info.plist; sourceTree = "<group>"; };
		BC927089269B7054002734CD /* ClimbEventService.swift */ = {isa = PBXFileReference; lastKnownFileType = sourcecode.swift; path = ClimbEventService.swift; sourceTree = "<group>"; };
		BC92708E269B71B2002734CD /* ClimbServiceTests.swift */ = {isa = PBXFileReference; lastKnownFileType = sourcecode.swift; path = ClimbServiceTests.swift; sourceTree = "<group>"; };
		BC9C2B8B26A6190B00520E04 /* YosemiteDecimalGrade.swift */ = {isa = PBXFileReference; lastKnownFileType = sourcecode.swift; path = YosemiteDecimalGrade.swift; sourceTree = "<group>"; };
		BC9C2B9026A61B8400520E04 /* GradePicker.swift */ = {isa = PBXFileReference; lastKnownFileType = sourcecode.swift; path = GradePicker.swift; sourceTree = "<group>"; };
		BC9C2B9526A61BDA00520E04 /* AddClimbViewModel.swift */ = {isa = PBXFileReference; lastKnownFileType = sourcecode.swift; path = AddClimbViewModel.swift; sourceTree = "<group>"; };
		BC9C2B9A26A7A2EF00520E04 /* CategoryPicker.swift */ = {isa = PBXFileReference; lastKnownFileType = sourcecode.swift; path = CategoryPicker.swift; sourceTree = "<group>"; };
		BCC05BDF26A9C122001B4C42 /* Category.swift */ = {isa = PBXFileReference; lastKnownFileType = sourcecode.swift; path = Category.swift; sourceTree = "<group>"; };
		BCC05BE426A9C1D0001B4C42 /* Grade.swift */ = {isa = PBXFileReference; lastKnownFileType = sourcecode.swift; path = Grade.swift; sourceTree = "<group>"; };
		BCCAEE592698FFAC006F0707 /* ClimbHistory.swift */ = {isa = PBXFileReference; lastKnownFileType = sourcecode.swift; path = ClimbHistory.swift; sourceTree = "<group>"; };
/* End PBXFileReference section */

/* Begin PBXFrameworksBuildPhase section */
		BC467201268FB96E00B2CBE7 /* Frameworks */ = {
			isa = PBXFrameworksBuildPhase;
			buildActionMask = 2147483647;
			files = (
			);
			runOnlyForDeploymentPostprocessing = 0;
		};
		BC467212268FB97000B2CBE7 /* Frameworks */ = {
			isa = PBXFrameworksBuildPhase;
			buildActionMask = 2147483647;
			files = (
				BCCAEE4D2698FE75006F0707 /* Quick in Frameworks */,
				BCC05BEB26B6D2E1001B4C42 /* CombineExpectations in Frameworks */,
			);
			runOnlyForDeploymentPostprocessing = 0;
		};
		BC46721D268FB97100B2CBE7 /* Frameworks */ = {
			isa = PBXFrameworksBuildPhase;
			buildActionMask = 2147483647;
			files = (
				BCCAEE572698FEA2006F0707 /* Quick in Frameworks */,
			);
			runOnlyForDeploymentPostprocessing = 0;
		};
/* End PBXFrameworksBuildPhase section */

/* Begin PBXGroup section */
		BC43D974269A9E23002C984E /* AddClimb */ = {
			isa = PBXGroup;
			children = (
				BC43D975269A9E49002C984E /* AddClimbView.swift */,
				BC9C2B9A26A7A2EF00520E04 /* CategoryPicker.swift */,
				BC9C2B9026A61B8400520E04 /* GradePicker.swift */,
				BC9C2B9526A61BDA00520E04 /* AddClimbViewModel.swift */,
			);
			path = AddClimb;
			sourceTree = "<group>";
		};
		BC43D990269B380E002C984E /* Domain */ = {
			isa = PBXGroup;
			children = (
				BC43D9C5269B5CB5002C984E /* EventEnvelope.swift */,
				BC43D991269B3845002C984E /* Climb */,
			);
			path = Domain;
			sourceTree = "<group>";
		};
		BC43D991269B3845002C984E /* Climb */ = {
			isa = PBXGroup;
			children = (
				BC43D992269B3852002C984E /* Climb.swift */,
				BC927089269B7054002734CD /* ClimbEventService.swift */,
				BC43D9A3269B3D73002C984E /* HuecoGrade.swift */,
				BC9C2B8B26A6190B00520E04 /* YosemiteDecimalGrade.swift */,
				BCC05BDF26A9C122001B4C42 /* Category.swift */,
				BCC05BE426A9C1D0001B4C42 /* Grade.swift */,
			);
			path = Climb;
			sourceTree = "<group>";
		};
		BC43D99F269B3D5B002C984E /* App */ = {
			isa = PBXGroup;
			children = (
				BC467207268FB96E00B2CBE7 /* ClimbTrackerApp.swift */,
			);
			path = App;
			sourceTree = "<group>";
		};
		BC4671FB268FB96E00B2CBE7 = {
			isa = PBXGroup;
			children = (
				BC467206268FB96E00B2CBE7 /* ClimbTracker */,
				BC467218268FB97100B2CBE7 /* ClimbTrackerTests */,
				BC467223268FB97100B2CBE7 /* ClimbTrackerUITests */,
				BC467205268FB96E00B2CBE7 /* Products */,
				BCCAEE532698FE97006F0707 /* Frameworks */,
			);
			sourceTree = "<group>";
		};
		BC467205268FB96E00B2CBE7 /* Products */ = {
			isa = PBXGroup;
			children = (
				BC467204268FB96E00B2CBE7 /* ClimbTracker.app */,
				BC467215268FB97100B2CBE7 /* ClimbTrackerTests.xctest */,
				BC467220268FB97100B2CBE7 /* ClimbTrackerUITests.xctest */,
			);
			name = Products;
			sourceTree = "<group>";
		};
		BC467206268FB96E00B2CBE7 /* ClimbTracker */ = {
			isa = PBXGroup;
			children = (
				BC43D99F269B3D5B002C984E /* App */,
				BC43D990269B380E002C984E /* Domain */,
				BCCAEDEF26948E85006F0707 /* Views */,
				BC46720B268FB97000B2CBE7 /* Assets.xcassets */,
				BC467210268FB97000B2CBE7 /* Info.plist */,
				BC46720D268FB97000B2CBE7 /* Preview Content */,
			);
			path = ClimbTracker;
			sourceTree = "<group>";
		};
		BC46720D268FB97000B2CBE7 /* Preview Content */ = {
			isa = PBXGroup;
			children = (
				BC46720E268FB97000B2CBE7 /* Preview Assets.xcassets */,
			);
			path = "Preview Content";
			sourceTree = "<group>";
		};
		BC467218268FB97100B2CBE7 /* ClimbTrackerTests */ = {
			isa = PBXGroup;
			children = (
				BC46721B268FB97100B2CBE7 /* Info.plist */,
				BC92708E269B71B2002734CD /* ClimbServiceTests.swift */,
				BC2ECFDC269B877400838466 /* ClimbHistoryViewModelTests.swift */,
			);
			path = ClimbTrackerTests;
			sourceTree = "<group>";
		};
		BC467223268FB97100B2CBE7 /* ClimbTrackerUITests */ = {
			isa = PBXGroup;
			children = (
				BCCAEE582698FF71006F0707 /* Views */,
				BC467224268FB97100B2CBE7 /* ClimbHistoryUITests.swift */,
				BC43D98B269B1CED002C984E /* AddClimbViewUITests.swift */,
				BC467226268FB97100B2CBE7 /* Info.plist */,
			);
			path = ClimbTrackerUITests;
			sourceTree = "<group>";
		};
		BCCAEDEF26948E85006F0707 /* Views */ = {
			isa = PBXGroup;
			children = (
				BC43D974269A9E23002C984E /* AddClimb */,
				BCCAEE6D269A7F56006F0707 /* ClimbHistory */,
			);
			path = Views;
			sourceTree = "<group>";
		};
		BCCAEE532698FE97006F0707 /* Frameworks */ = {
			isa = PBXGroup;
			children = (
			);
			name = Frameworks;
			sourceTree = "<group>";
		};
		BCCAEE582698FF71006F0707 /* Views */ = {
			isa = PBXGroup;
			children = (
				BCCAEE592698FFAC006F0707 /* ClimbHistory.swift */,
				BC43D980269AA146002C984E /* AddClimb.swift */,
			);
			path = Views;
			sourceTree = "<group>";
		};
		BCCAEE6D269A7F56006F0707 /* ClimbHistory */ = {
			isa = PBXGroup;
			children = (
				BC467209268FB96E00B2CBE7 /* ClimbHistoryList.swift */,
				BC2ECFEF269B9C7200838466 /* ClimbHistoryRow.swift */,
				BC2ECFD7269B852800838466 /* ClimbHistoryViewModel.swift */,
			);
			path = ClimbHistory;
			sourceTree = "<group>";
		};
/* End PBXGroup section */

/* Begin PBXNativeTarget section */
		BC467203268FB96E00B2CBE7 /* ClimbTracker */ = {
			isa = PBXNativeTarget;
			buildConfigurationList = BC467229268FB97100B2CBE7 /* Build configuration list for PBXNativeTarget "ClimbTracker" */;
			buildPhases = (
				BC467200268FB96E00B2CBE7 /* Sources */,
				BC467201268FB96E00B2CBE7 /* Frameworks */,
				BC467202268FB96E00B2CBE7 /* Resources */,
			);
			buildRules = (
			);
			dependencies = (
			);
			name = ClimbTracker;
			productName = ClimbTracker;
			productReference = BC467204268FB96E00B2CBE7 /* ClimbTracker.app */;
			productType = "com.apple.product-type.application";
		};
		BC467214268FB97000B2CBE7 /* ClimbTrackerTests */ = {
			isa = PBXNativeTarget;
			buildConfigurationList = BC46722C268FB97100B2CBE7 /* Build configuration list for PBXNativeTarget "ClimbTrackerTests" */;
			buildPhases = (
				BC467211268FB97000B2CBE7 /* Sources */,
				BC467212268FB97000B2CBE7 /* Frameworks */,
				BC467213268FB97000B2CBE7 /* Resources */,
			);
			buildRules = (
			);
			dependencies = (
				BC467217268FB97100B2CBE7 /* PBXTargetDependency */,
			);
			name = ClimbTrackerTests;
			packageProductDependencies = (
				BCCAEE4C2698FE75006F0707 /* Quick */,
				BCC05BEA26B6D2E1001B4C42 /* CombineExpectations */,
			);
			productName = ClimbTrackerTests;
			productReference = BC467215268FB97100B2CBE7 /* ClimbTrackerTests.xctest */;
			productType = "com.apple.product-type.bundle.unit-test";
		};
		BC46721F268FB97100B2CBE7 /* ClimbTrackerUITests */ = {
			isa = PBXNativeTarget;
			buildConfigurationList = BC46722F268FB97100B2CBE7 /* Build configuration list for PBXNativeTarget "ClimbTrackerUITests" */;
			buildPhases = (
				BC46721C268FB97100B2CBE7 /* Sources */,
				BC46721D268FB97100B2CBE7 /* Frameworks */,
				BC46721E268FB97100B2CBE7 /* Resources */,
			);
			buildRules = (
			);
			dependencies = (
				BC467222268FB97100B2CBE7 /* PBXTargetDependency */,
			);
			name = ClimbTrackerUITests;
			packageProductDependencies = (
				BCCAEE562698FEA2006F0707 /* Quick */,
			);
			productName = ClimbTrackerUITests;
			productReference = BC467220268FB97100B2CBE7 /* ClimbTrackerUITests.xctest */;
			productType = "com.apple.product-type.bundle.ui-testing";
		};
/* End PBXNativeTarget section */

/* Begin PBXProject section */
		BC4671FC268FB96E00B2CBE7 /* Project object */ = {
			isa = PBXProject;
			attributes = {
				LastSwiftUpdateCheck = 1240;
				LastUpgradeCheck = 1240;
				TargetAttributes = {
					BC467203268FB96E00B2CBE7 = {
						CreatedOnToolsVersion = 12.4;
					};
					BC467214268FB97000B2CBE7 = {
						CreatedOnToolsVersion = 12.4;
						LastSwiftMigration = 1240;
						TestTargetID = BC467203268FB96E00B2CBE7;
					};
					BC46721F268FB97100B2CBE7 = {
						CreatedOnToolsVersion = 12.4;
						TestTargetID = BC467203268FB96E00B2CBE7;
					};
				};
			};
			buildConfigurationList = BC4671FF268FB96E00B2CBE7 /* Build configuration list for PBXProject "ClimbTracker" */;
			compatibilityVersion = "Xcode 9.3";
			developmentRegion = en;
			hasScannedForEncodings = 0;
			knownRegions = (
				en,
				Base,
			);
			mainGroup = BC4671FB268FB96E00B2CBE7;
			packageReferences = (
				BCCAEE4B2698FE74006F0707 /* XCRemoteSwiftPackageReference "Quick" */,
				BCC05BE926B6D2E0001B4C42 /* XCRemoteSwiftPackageReference "CombineExpectations" */,
			);
			productRefGroup = BC467205268FB96E00B2CBE7 /* Products */;
			projectDirPath = "";
			projectRoot = "";
			targets = (
				BC467203268FB96E00B2CBE7 /* ClimbTracker */,
				BC467214268FB97000B2CBE7 /* ClimbTrackerTests */,
				BC46721F268FB97100B2CBE7 /* ClimbTrackerUITests */,
			);
		};
/* End PBXProject section */

/* Begin PBXResourcesBuildPhase section */
		BC467202268FB96E00B2CBE7 /* Resources */ = {
			isa = PBXResourcesBuildPhase;
			buildActionMask = 2147483647;
			files = (
				BC46720F268FB97000B2CBE7 /* Preview Assets.xcassets in Resources */,
				BC46720C268FB97000B2CBE7 /* Assets.xcassets in Resources */,
			);
			runOnlyForDeploymentPostprocessing = 0;
		};
		BC467213268FB97000B2CBE7 /* Resources */ = {
			isa = PBXResourcesBuildPhase;
			buildActionMask = 2147483647;
			files = (
			);
			runOnlyForDeploymentPostprocessing = 0;
		};
		BC46721E268FB97100B2CBE7 /* Resources */ = {
			isa = PBXResourcesBuildPhase;
			buildActionMask = 2147483647;
			files = (
			);
			runOnlyForDeploymentPostprocessing = 0;
		};
/* End PBXResourcesBuildPhase section */

/* Begin PBXSourcesBuildPhase section */
		BC467200268FB96E00B2CBE7 /* Sources */ = {
			isa = PBXSourcesBuildPhase;
			buildActionMask = 2147483647;
			files = (
				BC43D9A4269B3D73002C984E /* HuecoGrade.swift in Sources */,
				BC9C2B9B26A7A2EF00520E04 /* CategoryPicker.swift in Sources */,
				BC43D9C6269B5CB5002C984E /* EventEnvelope.swift in Sources */,
				BC46720A268FB96E00B2CBE7 /* ClimbHistoryList.swift in Sources */,
				BC43D993269B3852002C984E /* Climb.swift in Sources */,
				BC2ECFF0269B9C7200838466 /* ClimbHistoryRow.swift in Sources */,
				BC9C2B9126A61B8400520E04 /* GradePicker.swift in Sources */,
				BC43D976269A9E49002C984E /* AddClimbView.swift in Sources */,
				BCC05BE526A9C1D0001B4C42 /* Grade.swift in Sources */,
				BC467208268FB96E00B2CBE7 /* ClimbTrackerApp.swift in Sources */,
				BC9C2B8C26A6190B00520E04 /* YosemiteDecimalGrade.swift in Sources */,
				BC92708A269B7054002734CD /* ClimbEventService.swift in Sources */,
				BC9C2B9626A61BDA00520E04 /* AddClimbViewModel.swift in Sources */,
				BC2ECFD8269B852800838466 /* ClimbHistoryViewModel.swift in Sources */,
				BCC05BE026A9C123001B4C42 /* Category.swift in Sources */,
			);
			runOnlyForDeploymentPostprocessing = 0;
		};
		BC467211268FB97000B2CBE7 /* Sources */ = {
			isa = PBXSourcesBuildPhase;
			buildActionMask = 2147483647;
			files = (
				BC2ECFDD269B877400838466 /* ClimbHistoryViewModelTests.swift in Sources */,
				BC2DE80A27220DDE0015C190 /* ClimbServiceTests.swift in Sources */,
			);
			runOnlyForDeploymentPostprocessing = 0;
		};
		BC46721C268FB97100B2CBE7 /* Sources */ = {
			isa = PBXSourcesBuildPhase;
			buildActionMask = 2147483647;
			files = (
				BC43D98C269B1CED002C984E /* AddClimbViewUITests.swift in Sources */,
				BC467225268FB97100B2CBE7 /* ClimbHistoryUITests.swift in Sources */,
				BC43D981269AA146002C984E /* AddClimb.swift in Sources */,
				BCCAEE5A2698FFAC006F0707 /* ClimbHistory.swift in Sources */,
			);
			runOnlyForDeploymentPostprocessing = 0;
		};
/* End PBXSourcesBuildPhase section */

/* Begin PBXTargetDependency section */
		BC467217268FB97100B2CBE7 /* PBXTargetDependency */ = {
			isa = PBXTargetDependency;
			target = BC467203268FB96E00B2CBE7 /* ClimbTracker */;
			targetProxy = BC467216268FB97100B2CBE7 /* PBXContainerItemProxy */;
		};
		BC467222268FB97100B2CBE7 /* PBXTargetDependency */ = {
			isa = PBXTargetDependency;
			target = BC467203268FB96E00B2CBE7 /* ClimbTracker */;
			targetProxy = BC467221268FB97100B2CBE7 /* PBXContainerItemProxy */;
		};
/* End PBXTargetDependency section */

/* Begin XCBuildConfiguration section */
		BC467227268FB97100B2CBE7 /* Debug */ = {
			isa = XCBuildConfiguration;
			buildSettings = {
				ALWAYS_SEARCH_USER_PATHS = NO;
				CLANG_ANALYZER_NONNULL = YES;
				CLANG_ANALYZER_NUMBER_OBJECT_CONVERSION = YES_AGGRESSIVE;
				CLANG_CXX_LANGUAGE_STANDARD = "gnu++14";
				CLANG_CXX_LIBRARY = "libc++";
				CLANG_ENABLE_MODULES = YES;
				CLANG_ENABLE_OBJC_ARC = YES;
				CLANG_ENABLE_OBJC_WEAK = YES;
				CLANG_WARN_BLOCK_CAPTURE_AUTORELEASING = YES;
				CLANG_WARN_BOOL_CONVERSION = YES;
				CLANG_WARN_COMMA = YES;
				CLANG_WARN_CONSTANT_CONVERSION = YES;
				CLANG_WARN_DEPRECATED_OBJC_IMPLEMENTATIONS = YES;
				CLANG_WARN_DIRECT_OBJC_ISA_USAGE = YES_ERROR;
				CLANG_WARN_DOCUMENTATION_COMMENTS = YES;
				CLANG_WARN_EMPTY_BODY = YES;
				CLANG_WARN_ENUM_CONVERSION = YES;
				CLANG_WARN_INFINITE_RECURSION = YES;
				CLANG_WARN_INT_CONVERSION = YES;
				CLANG_WARN_NON_LITERAL_NULL_CONVERSION = YES;
				CLANG_WARN_OBJC_IMPLICIT_RETAIN_SELF = YES;
				CLANG_WARN_OBJC_LITERAL_CONVERSION = YES;
				CLANG_WARN_OBJC_ROOT_CLASS = YES_ERROR;
				CLANG_WARN_QUOTED_INCLUDE_IN_FRAMEWORK_HEADER = YES;
				CLANG_WARN_RANGE_LOOP_ANALYSIS = YES;
				CLANG_WARN_STRICT_PROTOTYPES = YES;
				CLANG_WARN_SUSPICIOUS_MOVE = YES;
				CLANG_WARN_UNGUARDED_AVAILABILITY = YES_AGGRESSIVE;
				CLANG_WARN_UNREACHABLE_CODE = YES;
				CLANG_WARN__DUPLICATE_METHOD_MATCH = YES;
				COPY_PHASE_STRIP = NO;
				DEBUG_INFORMATION_FORMAT = dwarf;
				ENABLE_STRICT_OBJC_MSGSEND = YES;
				ENABLE_TESTABILITY = YES;
				GCC_C_LANGUAGE_STANDARD = gnu11;
				GCC_DYNAMIC_NO_PIC = NO;
				GCC_NO_COMMON_BLOCKS = YES;
				GCC_OPTIMIZATION_LEVEL = 0;
				GCC_PREPROCESSOR_DEFINITIONS = (
					"DEBUG=1",
					"$(inherited)",
				);
				GCC_WARN_64_TO_32_BIT_CONVERSION = YES;
				GCC_WARN_ABOUT_RETURN_TYPE = YES_ERROR;
				GCC_WARN_UNDECLARED_SELECTOR = YES;
				GCC_WARN_UNINITIALIZED_AUTOS = YES_AGGRESSIVE;
				GCC_WARN_UNUSED_FUNCTION = YES;
				GCC_WARN_UNUSED_VARIABLE = YES;
				IPHONEOS_DEPLOYMENT_TARGET = 14.4;
				MTL_ENABLE_DEBUG_INFO = INCLUDE_SOURCE;
				MTL_FAST_MATH = YES;
				ONLY_ACTIVE_ARCH = YES;
				SDKROOT = iphoneos;
				SWIFT_ACTIVE_COMPILATION_CONDITIONS = DEBUG;
				SWIFT_OPTIMIZATION_LEVEL = "-Onone";
			};
			name = Debug;
		};
		BC467228268FB97100B2CBE7 /* Release */ = {
			isa = XCBuildConfiguration;
			buildSettings = {
				ALWAYS_SEARCH_USER_PATHS = NO;
				CLANG_ANALYZER_NONNULL = YES;
				CLANG_ANALYZER_NUMBER_OBJECT_CONVERSION = YES_AGGRESSIVE;
				CLANG_CXX_LANGUAGE_STANDARD = "gnu++14";
				CLANG_CXX_LIBRARY = "libc++";
				CLANG_ENABLE_MODULES = YES;
				CLANG_ENABLE_OBJC_ARC = YES;
				CLANG_ENABLE_OBJC_WEAK = YES;
				CLANG_WARN_BLOCK_CAPTURE_AUTORELEASING = YES;
				CLANG_WARN_BOOL_CONVERSION = YES;
				CLANG_WARN_COMMA = YES;
				CLANG_WARN_CONSTANT_CONVERSION = YES;
				CLANG_WARN_DEPRECATED_OBJC_IMPLEMENTATIONS = YES;
				CLANG_WARN_DIRECT_OBJC_ISA_USAGE = YES_ERROR;
				CLANG_WARN_DOCUMENTATION_COMMENTS = YES;
				CLANG_WARN_EMPTY_BODY = YES;
				CLANG_WARN_ENUM_CONVERSION = YES;
				CLANG_WARN_INFINITE_RECURSION = YES;
				CLANG_WARN_INT_CONVERSION = YES;
				CLANG_WARN_NON_LITERAL_NULL_CONVERSION = YES;
				CLANG_WARN_OBJC_IMPLICIT_RETAIN_SELF = YES;
				CLANG_WARN_OBJC_LITERAL_CONVERSION = YES;
				CLANG_WARN_OBJC_ROOT_CLASS = YES_ERROR;
				CLANG_WARN_QUOTED_INCLUDE_IN_FRAMEWORK_HEADER = YES;
				CLANG_WARN_RANGE_LOOP_ANALYSIS = YES;
				CLANG_WARN_STRICT_PROTOTYPES = YES;
				CLANG_WARN_SUSPICIOUS_MOVE = YES;
				CLANG_WARN_UNGUARDED_AVAILABILITY = YES_AGGRESSIVE;
				CLANG_WARN_UNREACHABLE_CODE = YES;
				CLANG_WARN__DUPLICATE_METHOD_MATCH = YES;
				COPY_PHASE_STRIP = NO;
				DEBUG_INFORMATION_FORMAT = "dwarf-with-dsym";
				ENABLE_NS_ASSERTIONS = NO;
				ENABLE_STRICT_OBJC_MSGSEND = YES;
				GCC_C_LANGUAGE_STANDARD = gnu11;
				GCC_NO_COMMON_BLOCKS = YES;
				GCC_WARN_64_TO_32_BIT_CONVERSION = YES;
				GCC_WARN_ABOUT_RETURN_TYPE = YES_ERROR;
				GCC_WARN_UNDECLARED_SELECTOR = YES;
				GCC_WARN_UNINITIALIZED_AUTOS = YES_AGGRESSIVE;
				GCC_WARN_UNUSED_FUNCTION = YES;
				GCC_WARN_UNUSED_VARIABLE = YES;
				IPHONEOS_DEPLOYMENT_TARGET = 14.4;
				MTL_ENABLE_DEBUG_INFO = NO;
				MTL_FAST_MATH = YES;
				SDKROOT = iphoneos;
				SWIFT_COMPILATION_MODE = wholemodule;
				SWIFT_OPTIMIZATION_LEVEL = "-O";
				VALIDATE_PRODUCT = YES;
			};
			name = Release;
		};
		BC46722A268FB97100B2CBE7 /* Debug */ = {
			isa = XCBuildConfiguration;
			buildSettings = {
				ASSETCATALOG_COMPILER_APPICON_NAME = AppIcon;
				ASSETCATALOG_COMPILER_GLOBAL_ACCENT_COLOR_NAME = AccentColor;
				CODE_SIGN_STYLE = Automatic;
				DEVELOPMENT_ASSET_PATHS = "\"ClimbTracker/Preview Content\"";
				ENABLE_PREVIEWS = YES;
				INFOPLIST_FILE = ClimbTracker/Info.plist;
				IPHONEOS_DEPLOYMENT_TARGET = 14.0;
				LD_RUNPATH_SEARCH_PATHS = (
					"$(inherited)",
					"@executable_path/Frameworks",
				);
				PRODUCT_BUNDLE_IDENTIFIER = com.bgerstle.ClimbTracker;
				PRODUCT_NAME = "$(TARGET_NAME)";
				SWIFT_VERSION = 5.0;
				TARGETED_DEVICE_FAMILY = "1,2";
			};
			name = Debug;
		};
		BC46722B268FB97100B2CBE7 /* Release */ = {
			isa = XCBuildConfiguration;
			buildSettings = {
				ASSETCATALOG_COMPILER_APPICON_NAME = AppIcon;
				ASSETCATALOG_COMPILER_GLOBAL_ACCENT_COLOR_NAME = AccentColor;
				CODE_SIGN_STYLE = Automatic;
				DEVELOPMENT_ASSET_PATHS = "\"ClimbTracker/Preview Content\"";
				ENABLE_PREVIEWS = YES;
				INFOPLIST_FILE = ClimbTracker/Info.plist;
				IPHONEOS_DEPLOYMENT_TARGET = 14.0;
				LD_RUNPATH_SEARCH_PATHS = (
					"$(inherited)",
					"@executable_path/Frameworks",
				);
				PRODUCT_BUNDLE_IDENTIFIER = com.bgerstle.ClimbTracker;
				PRODUCT_NAME = "$(TARGET_NAME)";
				SWIFT_VERSION = 5.0;
				TARGETED_DEVICE_FAMILY = "1,2";
			};
			name = Release;
		};
		BC46722D268FB97100B2CBE7 /* Debug */ = {
			isa = XCBuildConfiguration;
			buildSettings = {
				ALWAYS_EMBED_SWIFT_STANDARD_LIBRARIES = YES;
				BUNDLE_LOADER = "$(TEST_HOST)";
				CLANG_ENABLE_MODULES = YES;
				CODE_SIGN_STYLE = Automatic;
				INFOPLIST_FILE = ClimbTrackerTests/Info.plist;
				IPHONEOS_DEPLOYMENT_TARGET = 14.0;
				LD_RUNPATH_SEARCH_PATHS = (
					"$(inherited)",
					"@executable_path/Frameworks",
					"@loader_path/Frameworks",
				);
				PRODUCT_BUNDLE_IDENTIFIER = com.bgerstle.ClimbTrackerTests;
				PRODUCT_NAME = "$(TARGET_NAME)";
				SWIFT_OPTIMIZATION_LEVEL = "-Onone";
				SWIFT_VERSION = 5.0;
				TARGETED_DEVICE_FAMILY = "1,2";
				TEST_HOST = "$(BUILT_PRODUCTS_DIR)/ClimbTracker.app/ClimbTracker";
			};
			name = Debug;
		};
		BC46722E268FB97100B2CBE7 /* Release */ = {
			isa = XCBuildConfiguration;
			buildSettings = {
				ALWAYS_EMBED_SWIFT_STANDARD_LIBRARIES = YES;
				BUNDLE_LOADER = "$(TEST_HOST)";
				CLANG_ENABLE_MODULES = YES;
				CODE_SIGN_STYLE = Automatic;
				INFOPLIST_FILE = ClimbTrackerTests/Info.plist;
				IPHONEOS_DEPLOYMENT_TARGET = 14.0;
				LD_RUNPATH_SEARCH_PATHS = (
					"$(inherited)",
					"@executable_path/Frameworks",
					"@loader_path/Frameworks",
				);
				PRODUCT_BUNDLE_IDENTIFIER = com.bgerstle.ClimbTrackerTests;
				PRODUCT_NAME = "$(TARGET_NAME)";
				SWIFT_VERSION = 5.0;
				TARGETED_DEVICE_FAMILY = "1,2";
				TEST_HOST = "$(BUILT_PRODUCTS_DIR)/ClimbTracker.app/ClimbTracker";
			};
			name = Release;
		};
		BC467230268FB97100B2CBE7 /* Debug */ = {
			isa = XCBuildConfiguration;
			buildSettings = {
				ALWAYS_EMBED_SWIFT_STANDARD_LIBRARIES = YES;
				CODE_SIGN_STYLE = Automatic;
				INFOPLIST_FILE = ClimbTrackerUITests/Info.plist;
				LD_RUNPATH_SEARCH_PATHS = (
					"$(inherited)",
					"@executable_path/Frameworks",
					"@loader_path/Frameworks",
				);
				PRODUCT_BUNDLE_IDENTIFIER = com.bgerstle.ClimbTrackerUITests;
				PRODUCT_NAME = "$(TARGET_NAME)";
				SWIFT_VERSION = 5.0;
				TARGETED_DEVICE_FAMILY = "1,2";
				TEST_TARGET_NAME = ClimbTracker;
			};
			name = Debug;
		};
		BC467231268FB97100B2CBE7 /* Release */ = {
			isa = XCBuildConfiguration;
			buildSettings = {
				ALWAYS_EMBED_SWIFT_STANDARD_LIBRARIES = YES;
				CODE_SIGN_STYLE = Automatic;
				INFOPLIST_FILE = ClimbTrackerUITests/Info.plist;
				LD_RUNPATH_SEARCH_PATHS = (
					"$(inherited)",
					"@executable_path/Frameworks",
					"@loader_path/Frameworks",
				);
				PRODUCT_BUNDLE_IDENTIFIER = com.bgerstle.ClimbTrackerUITests;
				PRODUCT_NAME = "$(TARGET_NAME)";
				SWIFT_VERSION = 5.0;
				TARGETED_DEVICE_FAMILY = "1,2";
				TEST_TARGET_NAME = ClimbTracker;
			};
			name = Release;
		};
/* End XCBuildConfiguration section */

/* Begin XCConfigurationList section */
		BC4671FF268FB96E00B2CBE7 /* Build configuration list for PBXProject "ClimbTracker" */ = {
			isa = XCConfigurationList;
			buildConfigurations = (
				BC467227268FB97100B2CBE7 /* Debug */,
				BC467228268FB97100B2CBE7 /* Release */,
			);
			defaultConfigurationIsVisible = 0;
			defaultConfigurationName = Release;
		};
		BC467229268FB97100B2CBE7 /* Build configuration list for PBXNativeTarget "ClimbTracker" */ = {
			isa = XCConfigurationList;
			buildConfigurations = (
				BC46722A268FB97100B2CBE7 /* Debug */,
				BC46722B268FB97100B2CBE7 /* Release */,
			);
			defaultConfigurationIsVisible = 0;
			defaultConfigurationName = Release;
		};
		BC46722C268FB97100B2CBE7 /* Build configuration list for PBXNativeTarget "ClimbTrackerTests" */ = {
			isa = XCConfigurationList;
			buildConfigurations = (
				BC46722D268FB97100B2CBE7 /* Debug */,
				BC46722E268FB97100B2CBE7 /* Release */,
			);
			defaultConfigurationIsVisible = 0;
			defaultConfigurationName = Release;
		};
		BC46722F268FB97100B2CBE7 /* Build configuration list for PBXNativeTarget "ClimbTrackerUITests" */ = {
			isa = XCConfigurationList;
			buildConfigurations = (
				BC467230268FB97100B2CBE7 /* Debug */,
				BC467231268FB97100B2CBE7 /* Release */,
			);
			defaultConfigurationIsVisible = 0;
			defaultConfigurationName = Release;
		};
/* End XCConfigurationList section */

/* Begin XCRemoteSwiftPackageReference section */
		BCC05BE926B6D2E0001B4C42 /* XCRemoteSwiftPackageReference "CombineExpectations" */ = {
			isa = XCRemoteSwiftPackageReference;
			repositoryURL = "https://github.com/groue/CombineExpectations.git";
			requirement = {
				kind = upToNextMajorVersion;
				minimumVersion = 0.0.0;
			};
		};
		BCCAEE4B2698FE74006F0707 /* XCRemoteSwiftPackageReference "Quick" */ = {
			isa = XCRemoteSwiftPackageReference;
			repositoryURL = "https://github.com/Quick/Quick.git";
			requirement = {
				kind = upToNextMajorVersion;
				minimumVersion = 4.0.0;
			};
		};
/* End XCRemoteSwiftPackageReference section */

/* Begin XCSwiftPackageProductDependency section */
		BCC05BEA26B6D2E1001B4C42 /* CombineExpectations */ = {
			isa = XCSwiftPackageProductDependency;
			package = BCC05BE926B6D2E0001B4C42 /* XCRemoteSwiftPackageReference "CombineExpectations" */;
			productName = CombineExpectations;
		};
		BCCAEE4C2698FE75006F0707 /* Quick */ = {
			isa = XCSwiftPackageProductDependency;
			package = BCCAEE4B2698FE74006F0707 /* XCRemoteSwiftPackageReference "Quick" */;
			productName = Quick;
		};
		BCCAEE562698FEA2006F0707 /* Quick */ = {
			isa = XCSwiftPackageProductDependency;
			package = BCCAEE4B2698FE74006F0707 /* XCRemoteSwiftPackageReference "Quick" */;
			productName = Quick;
		};
/* End XCSwiftPackageProductDependency section */
	};
	rootObject = BC4671FC268FB96E00B2CBE7 /* Project object */;
}
