// !$*UTF8*$!
{
	archiveVersion = 1;
	classes = {
	};
	objectVersion = 52;
	objects = {

/* Begin PBXBuildFile section */
		BC00EE4E273F163E00A480A6 /* XCTestCase+Async.swift in Sources */ = {isa = PBXBuildFile; fileRef = BC00EE4D273F163E00A480A6 /* XCTestCase+Async.swift */; };
		BC00EE512741A89400A480A6 /* TestEvent.swift in Sources */ = {isa = PBXBuildFile; fileRef = BC00EE502741A89400A480A6 /* TestEvent.swift */; };
		BC00EE522742BDAE00A480A6 /* ProjectEventServiceTests.swift in Sources */ = {isa = PBXBuildFile; fileRef = BC92708E269B71B2002734CD /* ProjectEventServiceTests.swift */; };
		BC00EE572742CFCA00A480A6 /* ProjectNameEvent.swift in Sources */ = {isa = PBXBuildFile; fileRef = BC00EE562742CFCA00A480A6 /* ProjectNameEvent.swift */; };
		BC00EE592742CFEE00A480A6 /* ProjectNameService.swift in Sources */ = {isa = PBXBuildFile; fileRef = BC00EE582742CFEE00A480A6 /* ProjectNameService.swift */; };
		BC00EE5B2742F71000A480A6 /* ProjectNameEventServiceTests.swift in Sources */ = {isa = PBXBuildFile; fileRef = BC00EE5A2742F71000A480A6 /* ProjectNameEventServiceTests.swift */; };
		BC0B37A1273C3EF70069B575 /* FontGrade.swift in Sources */ = {isa = PBXBuildFile; fileRef = BC0B37A0273C3EF70069B575 /* FontGrade.swift */; };
		BC0B37A3273C3EFE0069B575 /* FrenchGrade.swift in Sources */ = {isa = PBXBuildFile; fileRef = BC0B37A2273C3EFE0069B575 /* FrenchGrade.swift */; };
		BC1F5205272B244000702432 /* AddProjectAttemptViewUITests.swift in Sources */ = {isa = PBXBuildFile; fileRef = BC1F5204272B244000702432 /* AddProjectAttemptViewUITests.swift */; };
		BC2ECFD8269B852800838466 /* ProjectListViewModel.swift in Sources */ = {isa = PBXBuildFile; fileRef = BC2ECFD7269B852800838466 /* ProjectListViewModel.swift */; };
		BC2ECFF0269B9C7200838466 /* ProjectListElementView.swift in Sources */ = {isa = PBXBuildFile; fileRef = BC2ECFEF269B9C7200838466 /* ProjectListElementView.swift */; };
		BC43D976269A9E49002C984E /* AddProjectView.swift in Sources */ = {isa = PBXBuildFile; fileRef = BC43D975269A9E49002C984E /* AddProjectView.swift */; };
		BC43D981269AA146002C984E /* AddProjectPageObject.swift in Sources */ = {isa = PBXBuildFile; fileRef = BC43D980269AA146002C984E /* AddProjectPageObject.swift */; };
		BC43D98C269B1CED002C984E /* AddProjectViewUITests.swift in Sources */ = {isa = PBXBuildFile; fileRef = BC43D98B269B1CED002C984E /* AddProjectViewUITests.swift */; };
		BC43D993269B3852002C984E /* Project.swift in Sources */ = {isa = PBXBuildFile; fileRef = BC43D992269B3852002C984E /* Project.swift */; };
		BC43D9A4269B3D73002C984E /* HuecoGrade.swift in Sources */ = {isa = PBXBuildFile; fileRef = BC43D9A3269B3D73002C984E /* HuecoGrade.swift */; };
		BC467208268FB96E00B2CBE7 /* ClimbTrackerApp.swift in Sources */ = {isa = PBXBuildFile; fileRef = BC467207268FB96E00B2CBE7 /* ClimbTrackerApp.swift */; };
		BC46720A268FB96E00B2CBE7 /* ProjectListView.swift in Sources */ = {isa = PBXBuildFile; fileRef = BC467209268FB96E00B2CBE7 /* ProjectListView.swift */; };
		BC46720C268FB97000B2CBE7 /* Assets.xcassets in Resources */ = {isa = PBXBuildFile; fileRef = BC46720B268FB97000B2CBE7 /* Assets.xcassets */; };
		BC46720F268FB97000B2CBE7 /* Preview Assets.xcassets in Resources */ = {isa = PBXBuildFile; fileRef = BC46720E268FB97000B2CBE7 /* Preview Assets.xcassets */; };
		BC467225268FB97100B2CBE7 /* ProjectListViewUITests.swift in Sources */ = {isa = PBXBuildFile; fileRef = BC467224268FB97100B2CBE7 /* ProjectListViewUITests.swift */; };
		BC7EF033275290BA00225C0D /* CSVRowTests.swift in Sources */ = {isa = PBXBuildFile; fileRef = BC7EF032275290BA00225C0D /* CSVRowTests.swift */; };
		BC7EF03427552AA000225C0D /* export_2019_to_2021_05_23.csv in Resources */ = {isa = PBXBuildFile; fileRef = BCD1A7B127527E7A00F85516 /* export_2019_to_2021_05_23.csv */; };
		BC7EF03627552E9C00225C0D /* CSVRow.swift in Sources */ = {isa = PBXBuildFile; fileRef = BC7EF03527552E9C00225C0D /* CSVRow.swift */; };
		BC7EF039275532C900225C0D /* CSVImporterTests.swift in Sources */ = {isa = PBXBuildFile; fileRef = BC7EF038275532C900225C0D /* CSVImporterTests.swift */; };
		BC7EF03C275536FF00225C0D /* TestProjectService.swift in Sources */ = {isa = PBXBuildFile; fileRef = BC7EF03B275536FF00225C0D /* TestProjectService.swift */; };
		BC7EF03E2755371000225C0D /* TestProjectNameService.swift in Sources */ = {isa = PBXBuildFile; fileRef = BC7EF03D2755371000225C0D /* TestProjectNameService.swift */; };
		BC7F2F452745742000AE5B0B /* NamedProjectCreationWorkflow.swift in Sources */ = {isa = PBXBuildFile; fileRef = BC7F2F442745742000AE5B0B /* NamedProjectCreationWorkflow.swift */; };
		BC7F2F482746F02300AE5B0B /* GRDB in Frameworks */ = {isa = PBXBuildFile; productRef = BC7F2F472746F02300AE5B0B /* GRDB */; };
		BC7F2F4A2746F04600AE5B0B /* PersistentEventStore.swift in Sources */ = {isa = PBXBuildFile; fileRef = BC7F2F492746F04600AE5B0B /* PersistentEventStore.swift */; };
		BC7F2F4D2746FC3100AE5B0B /* GRDB+AsyncAwait.swift in Sources */ = {isa = PBXBuildFile; fileRef = BC7F2F4C2746FC3100AE5B0B /* GRDB+AsyncAwait.swift */; };
		BC7F2F4F2748018C00AE5B0B /* PersistentEventTopicTests.swift in Sources */ = {isa = PBXBuildFile; fileRef = BC7F2F4E2748018C00AE5B0B /* PersistentEventTopicTests.swift */; };
		BC7F2F51274806B100AE5B0B /* TestDatabase.swift in Sources */ = {isa = PBXBuildFile; fileRef = BC7F2F50274806B100AE5B0B /* TestDatabase.swift */; };
		BC92708A269B7054002734CD /* ProjectService.swift in Sources */ = {isa = PBXBuildFile; fileRef = BC927089269B7054002734CD /* ProjectService.swift */; };
		BC9C2B8C26A6190B00520E04 /* YosemiteDecimalGrade.swift in Sources */ = {isa = PBXBuildFile; fileRef = BC9C2B8B26A6190B00520E04 /* YosemiteDecimalGrade.swift */; };
		BC9C2B9126A61B8400520E04 /* GradePicker.swift in Sources */ = {isa = PBXBuildFile; fileRef = BC9C2B9026A61B8400520E04 /* GradePicker.swift */; };
		BC9C2B9626A61BDA00520E04 /* AddProjectViewModel.swift in Sources */ = {isa = PBXBuildFile; fileRef = BC9C2B9526A61BDA00520E04 /* AddProjectViewModel.swift */; };
		BC9C2B9B26A7A2EF00520E04 /* CategoryPicker.swift in Sources */ = {isa = PBXBuildFile; fileRef = BC9C2B9A26A7A2EF00520E04 /* CategoryPicker.swift */; };
		BCC05BE526A9C1D0001B4C42 /* Grade.swift in Sources */ = {isa = PBXBuildFile; fileRef = BCC05BE426A9C1D0001B4C42 /* Grade.swift */; };
		BCC05BEB26B6D2E1001B4C42 /* CombineExpectations in Frameworks */ = {isa = PBXBuildFile; productRef = BCC05BEA26B6D2E1001B4C42 /* CombineExpectations */; };
		BCC650C2274563AD00C98743 /* ProjectNameEventService.swift in Sources */ = {isa = PBXBuildFile; fileRef = BCC650C1274563AD00C98743 /* ProjectNameEventService.swift */; };
		BCC650C4274563BC00C98743 /* ProjectEventService.swift in Sources */ = {isa = PBXBuildFile; fileRef = BCC650C3274563BC00C98743 /* ProjectEventService.swift */; };
		BCC650C727456AB300C98743 /* EphemeralEventStore.swift in Sources */ = {isa = PBXBuildFile; fileRef = BCC650C627456AB300C98743 /* EphemeralEventStore.swift */; };
		BCC650C927456AD900C98743 /* Publisher+Log.swift in Sources */ = {isa = PBXBuildFile; fileRef = BCC650C827456AD900C98743 /* Publisher+Log.swift */; };
		BCCAEE4D2698FE75006F0707 /* Quick in Frameworks */ = {isa = PBXBuildFile; productRef = BCCAEE4C2698FE75006F0707 /* Quick */; };
		BCCAEE572698FEA2006F0707 /* Quick in Frameworks */ = {isa = PBXBuildFile; productRef = BCCAEE562698FEA2006F0707 /* Quick */; };
		BCCAEE5A2698FFAC006F0707 /* ProjectListPageObject.swift in Sources */ = {isa = PBXBuildFile; fileRef = BCCAEE592698FFAC006F0707 /* ProjectListPageObject.swift */; };
		BCD1A7A32748478C00F85516 /* PersistentEventStoreTests.swift in Sources */ = {isa = PBXBuildFile; fileRef = BCD1A7A22748478C00F85516 /* PersistentEventStoreTests.swift */; };
		BCD1A7A5274C09AD00F85516 /* PrincipalClass.swift in Sources */ = {isa = PBXBuildFile; fileRef = BCD1A7A4274C09AD00F85516 /* PrincipalClass.swift */; };
		BCD1A7A6274C10CC00F85516 /* ProjectListViewModelTests.swift in Sources */ = {isa = PBXBuildFile; fileRef = BC2ECFDC269B877400838466 /* ProjectListViewModelTests.swift */; };
		BCD1A7A8274C42AC00F85516 /* App+LaunchArgs.swift in Sources */ = {isa = PBXBuildFile; fileRef = BCD1A7A7274C42AC00F85516 /* App+LaunchArgs.swift */; };
		BCD1A7AA274D929300F85516 /* BoulderProjectTests.swift in Sources */ = {isa = PBXBuildFile; fileRef = BCD1A7A9274D929300F85516 /* BoulderProjectTests.swift */; };
		BCD1A7AD27515A4000F85516 /* CodableCSV in Frameworks */ = {isa = PBXBuildFile; productRef = BCD1A7AC27515A4000F85516 /* CodableCSV */; };
		BCD1A7B027515AC200F85516 /* CSVImporter.swift in Sources */ = {isa = PBXBuildFile; fileRef = BCD1A7AF27515AC200F85516 /* CSVImporter.swift */; };
		BCD1A7B227527E7A00F85516 /* export_2019_to_2021_05_23.csv in Resources */ = {isa = PBXBuildFile; fileRef = BCD1A7B127527E7A00F85516 /* export_2019_to_2021_05_23.csv */; };
		BCDFE905273C684100DD35F7 /* ProjectSummary.swift in Sources */ = {isa = PBXBuildFile; fileRef = BCDFE904273C684100DD35F7 /* ProjectSummary.swift */; };
		BCDFE907273D73E600DD35F7 /* PreviewServices.swift in Sources */ = {isa = PBXBuildFile; fileRef = BCDFE906273D73E600DD35F7 /* PreviewServices.swift */; };
		BCDFE90B273DA12F00DD35F7 /* EventStore.swift in Sources */ = {isa = PBXBuildFile; fileRef = BCDFE90A273DA12F00DD35F7 /* EventStore.swift */; };
		BCDFE90E273DD2A000DD35F7 /* EphemeralTopicTests.swift in Sources */ = {isa = PBXBuildFile; fileRef = BCDFE90D273DD2A000DD35F7 /* EphemeralTopicTests.swift */; };
		BCDFE910273EE30A00DD35F7 /* EphemeralEventStoreTests.swift in Sources */ = {isa = PBXBuildFile; fileRef = BCDFE90F273EE30A00DD35F7 /* EphemeralEventStoreTests.swift */; };
/* End PBXBuildFile section */

/* Begin PBXContainerItemProxy section */
		BC467216268FB97100B2CBE7 /* PBXContainerItemProxy */ = {
			isa = PBXContainerItemProxy;
			containerPortal = BC4671FC268FB96E00B2CBE7 /* Project object */;
			proxyType = 1;
			remoteGlobalIDString = BC467203268FB96E00B2CBE7;
			remoteInfo = ClimbTracker;
		};
		BC467221268FB97100B2CBE7 /* PBXContainerItemProxy */ = {
			isa = PBXContainerItemProxy;
			containerPortal = BC4671FC268FB96E00B2CBE7 /* Project object */;
			proxyType = 1;
			remoteGlobalIDString = BC467203268FB96E00B2CBE7;
			remoteInfo = ClimbTracker;
		};
/* End PBXContainerItemProxy section */

/* Begin PBXFileReference section */
		BC00EE4D273F163E00A480A6 /* XCTestCase+Async.swift */ = {isa = PBXFileReference; lastKnownFileType = sourcecode.swift; path = "XCTestCase+Async.swift"; sourceTree = "<group>"; };
		BC00EE502741A89400A480A6 /* TestEvent.swift */ = {isa = PBXFileReference; lastKnownFileType = sourcecode.swift; path = TestEvent.swift; sourceTree = "<group>"; };
		BC00EE562742CFCA00A480A6 /* ProjectNameEvent.swift */ = {isa = PBXFileReference; lastKnownFileType = sourcecode.swift; path = ProjectNameEvent.swift; sourceTree = "<group>"; };
		BC00EE582742CFEE00A480A6 /* ProjectNameService.swift */ = {isa = PBXFileReference; lastKnownFileType = sourcecode.swift; path = ProjectNameService.swift; sourceTree = "<group>"; };
		BC00EE5A2742F71000A480A6 /* ProjectNameEventServiceTests.swift */ = {isa = PBXFileReference; lastKnownFileType = sourcecode.swift; path = ProjectNameEventServiceTests.swift; sourceTree = "<group>"; };
		BC0B37A0273C3EF70069B575 /* FontGrade.swift */ = {isa = PBXFileReference; lastKnownFileType = sourcecode.swift; path = FontGrade.swift; sourceTree = "<group>"; };
		BC0B37A2273C3EFE0069B575 /* FrenchGrade.swift */ = {isa = PBXFileReference; lastKnownFileType = sourcecode.swift; path = FrenchGrade.swift; sourceTree = "<group>"; };
		BC1F5204272B244000702432 /* AddProjectAttemptViewUITests.swift */ = {isa = PBXFileReference; lastKnownFileType = sourcecode.swift; path = AddProjectAttemptViewUITests.swift; sourceTree = "<group>"; };
		BC2ECFD7269B852800838466 /* ProjectListViewModel.swift */ = {isa = PBXFileReference; lastKnownFileType = sourcecode.swift; path = ProjectListViewModel.swift; sourceTree = "<group>"; };
		BC2ECFDC269B877400838466 /* ProjectListViewModelTests.swift */ = {isa = PBXFileReference; lastKnownFileType = sourcecode.swift; path = ProjectListViewModelTests.swift; sourceTree = "<group>"; };
		BC2ECFEF269B9C7200838466 /* ProjectListElementView.swift */ = {isa = PBXFileReference; lastKnownFileType = sourcecode.swift; path = ProjectListElementView.swift; sourceTree = "<group>"; };
		BC43D975269A9E49002C984E /* AddProjectView.swift */ = {isa = PBXFileReference; lastKnownFileType = sourcecode.swift; path = AddProjectView.swift; sourceTree = "<group>"; };
		BC43D980269AA146002C984E /* AddProjectPageObject.swift */ = {isa = PBXFileReference; lastKnownFileType = sourcecode.swift; path = AddProjectPageObject.swift; sourceTree = "<group>"; };
		BC43D98B269B1CED002C984E /* AddProjectViewUITests.swift */ = {isa = PBXFileReference; lastKnownFileType = sourcecode.swift; path = AddProjectViewUITests.swift; sourceTree = "<group>"; };
		BC43D992269B3852002C984E /* Project.swift */ = {isa = PBXFileReference; lastKnownFileType = sourcecode.swift; path = Project.swift; sourceTree = "<group>"; };
		BC43D9A3269B3D73002C984E /* HuecoGrade.swift */ = {isa = PBXFileReference; lastKnownFileType = sourcecode.swift; path = HuecoGrade.swift; sourceTree = "<group>"; };
		BC467204268FB96E00B2CBE7 /* ClimbTracker.app */ = {isa = PBXFileReference; explicitFileType = wrapper.application; includeInIndex = 0; path = ClimbTracker.app; sourceTree = BUILT_PRODUCTS_DIR; };
		BC467207268FB96E00B2CBE7 /* ClimbTrackerApp.swift */ = {isa = PBXFileReference; lastKnownFileType = sourcecode.swift; path = ClimbTrackerApp.swift; sourceTree = "<group>"; };
		BC467209268FB96E00B2CBE7 /* ProjectListView.swift */ = {isa = PBXFileReference; lastKnownFileType = sourcecode.swift; path = ProjectListView.swift; sourceTree = "<group>"; };
		BC46720B268FB97000B2CBE7 /* Assets.xcassets */ = {isa = PBXFileReference; lastKnownFileType = folder.assetcatalog; path = Assets.xcassets; sourceTree = "<group>"; };
		BC46720E268FB97000B2CBE7 /* Preview Assets.xcassets */ = {isa = PBXFileReference; lastKnownFileType = folder.assetcatalog; path = "Preview Assets.xcassets"; sourceTree = "<group>"; };
		BC467210268FB97000B2CBE7 /* Info.plist */ = {isa = PBXFileReference; lastKnownFileType = text.plist.xml; path = Info.plist; sourceTree = "<group>"; };
		BC467215268FB97100B2CBE7 /* ClimbTrackerTests.xctest */ = {isa = PBXFileReference; explicitFileType = wrapper.cfbundle; includeInIndex = 0; path = ClimbTrackerTests.xctest; sourceTree = BUILT_PRODUCTS_DIR; };
		BC46721B268FB97100B2CBE7 /* Info.plist */ = {isa = PBXFileReference; lastKnownFileType = text.plist.xml; path = Info.plist; sourceTree = "<group>"; };
		BC467220268FB97100B2CBE7 /* ClimbTrackerUITests.xctest */ = {isa = PBXFileReference; explicitFileType = wrapper.cfbundle; includeInIndex = 0; path = ClimbTrackerUITests.xctest; sourceTree = BUILT_PRODUCTS_DIR; };
		BC467224268FB97100B2CBE7 /* ProjectListViewUITests.swift */ = {isa = PBXFileReference; lastKnownFileType = sourcecode.swift; path = ProjectListViewUITests.swift; sourceTree = "<group>"; };
		BC467226268FB97100B2CBE7 /* Info.plist */ = {isa = PBXFileReference; lastKnownFileType = text.plist.xml; path = Info.plist; sourceTree = "<group>"; };
		BC7EF032275290BA00225C0D /* CSVRowTests.swift */ = {isa = PBXFileReference; lastKnownFileType = sourcecode.swift; path = CSVRowTests.swift; sourceTree = "<group>"; };
		BC7EF03527552E9C00225C0D /* CSVRow.swift */ = {isa = PBXFileReference; lastKnownFileType = sourcecode.swift; path = CSVRow.swift; sourceTree = "<group>"; };
		BC7EF038275532C900225C0D /* CSVImporterTests.swift */ = {isa = PBXFileReference; lastKnownFileType = sourcecode.swift; path = CSVImporterTests.swift; sourceTree = "<group>"; };
		BC7EF03B275536FF00225C0D /* TestProjectService.swift */ = {isa = PBXFileReference; lastKnownFileType = sourcecode.swift; path = TestProjectService.swift; sourceTree = "<group>"; };
		BC7EF03D2755371000225C0D /* TestProjectNameService.swift */ = {isa = PBXFileReference; lastKnownFileType = sourcecode.swift; path = TestProjectNameService.swift; sourceTree = "<group>"; };
		BC7F2F442745742000AE5B0B /* NamedProjectCreationWorkflow.swift */ = {isa = PBXFileReference; lastKnownFileType = sourcecode.swift; path = NamedProjectCreationWorkflow.swift; sourceTree = "<group>"; };
		BC7F2F492746F04600AE5B0B /* PersistentEventStore.swift */ = {isa = PBXFileReference; lastKnownFileType = sourcecode.swift; path = PersistentEventStore.swift; sourceTree = "<group>"; };
		BC7F2F4C2746FC3100AE5B0B /* GRDB+AsyncAwait.swift */ = {isa = PBXFileReference; lastKnownFileType = sourcecode.swift; path = "GRDB+AsyncAwait.swift"; sourceTree = "<group>"; };
		BC7F2F4E2748018C00AE5B0B /* PersistentEventTopicTests.swift */ = {isa = PBXFileReference; lastKnownFileType = sourcecode.swift; path = PersistentEventTopicTests.swift; sourceTree = "<group>"; };
		BC7F2F50274806B100AE5B0B /* TestDatabase.swift */ = {isa = PBXFileReference; lastKnownFileType = sourcecode.swift; path = TestDatabase.swift; sourceTree = "<group>"; };
		BC927089269B7054002734CD /* ProjectService.swift */ = {isa = PBXFileReference; lastKnownFileType = sourcecode.swift; path = ProjectService.swift; sourceTree = "<group>"; };
		BC92708E269B71B2002734CD /* ProjectEventServiceTests.swift */ = {isa = PBXFileReference; lastKnownFileType = sourcecode.swift; path = ProjectEventServiceTests.swift; sourceTree = "<group>"; };
		BC9C2B8B26A6190B00520E04 /* YosemiteDecimalGrade.swift */ = {isa = PBXFileReference; lastKnownFileType = sourcecode.swift; path = YosemiteDecimalGrade.swift; sourceTree = "<group>"; };
		BC9C2B9026A61B8400520E04 /* GradePicker.swift */ = {isa = PBXFileReference; lastKnownFileType = sourcecode.swift; path = GradePicker.swift; sourceTree = "<group>"; };
		BC9C2B9526A61BDA00520E04 /* AddProjectViewModel.swift */ = {isa = PBXFileReference; lastKnownFileType = sourcecode.swift; path = AddProjectViewModel.swift; sourceTree = "<group>"; };
		BC9C2B9A26A7A2EF00520E04 /* CategoryPicker.swift */ = {isa = PBXFileReference; lastKnownFileType = sourcecode.swift; path = CategoryPicker.swift; sourceTree = "<group>"; };
		BCC05BE426A9C1D0001B4C42 /* Grade.swift */ = {isa = PBXFileReference; lastKnownFileType = sourcecode.swift; path = Grade.swift; sourceTree = "<group>"; };
		BCC650C1274563AD00C98743 /* ProjectNameEventService.swift */ = {isa = PBXFileReference; lastKnownFileType = sourcecode.swift; path = ProjectNameEventService.swift; sourceTree = "<group>"; };
		BCC650C3274563BC00C98743 /* ProjectEventService.swift */ = {isa = PBXFileReference; lastKnownFileType = sourcecode.swift; path = ProjectEventService.swift; sourceTree = "<group>"; };
		BCC650C627456AB300C98743 /* EphemeralEventStore.swift */ = {isa = PBXFileReference; lastKnownFileType = sourcecode.swift; path = EphemeralEventStore.swift; sourceTree = "<group>"; };
		BCC650C827456AD900C98743 /* Publisher+Log.swift */ = {isa = PBXFileReference; lastKnownFileType = sourcecode.swift; path = "Publisher+Log.swift"; sourceTree = "<group>"; };
		BCCAEE592698FFAC006F0707 /* ProjectListPageObject.swift */ = {isa = PBXFileReference; lastKnownFileType = sourcecode.swift; path = ProjectListPageObject.swift; sourceTree = "<group>"; };
		BCD1A7A22748478C00F85516 /* PersistentEventStoreTests.swift */ = {isa = PBXFileReference; lastKnownFileType = sourcecode.swift; path = PersistentEventStoreTests.swift; sourceTree = "<group>"; };
		BCD1A7A4274C09AD00F85516 /* PrincipalClass.swift */ = {isa = PBXFileReference; lastKnownFileType = sourcecode.swift; path = PrincipalClass.swift; sourceTree = "<group>"; };
		BCD1A7A7274C42AC00F85516 /* App+LaunchArgs.swift */ = {isa = PBXFileReference; lastKnownFileType = sourcecode.swift; path = "App+LaunchArgs.swift"; sourceTree = "<group>"; };
		BCD1A7A9274D929300F85516 /* BoulderProjectTests.swift */ = {isa = PBXFileReference; lastKnownFileType = sourcecode.swift; path = BoulderProjectTests.swift; sourceTree = "<group>"; };
		BCD1A7AF27515AC200F85516 /* CSVImporter.swift */ = {isa = PBXFileReference; lastKnownFileType = sourcecode.swift; path = CSVImporter.swift; sourceTree = "<group>"; };
		BCD1A7B127527E7A00F85516 /* export_2019_to_2021_05_23.csv */ = {isa = PBXFileReference; fileEncoding = 4; lastKnownFileType = text; path = export_2019_to_2021_05_23.csv; sourceTree = "<group>"; };
		BCDFE904273C684100DD35F7 /* ProjectSummary.swift */ = {isa = PBXFileReference; lastKnownFileType = sourcecode.swift; path = ProjectSummary.swift; sourceTree = "<group>"; };
		BCDFE906273D73E600DD35F7 /* PreviewServices.swift */ = {isa = PBXFileReference; lastKnownFileType = sourcecode.swift; path = PreviewServices.swift; sourceTree = "<group>"; };
		BCDFE90A273DA12F00DD35F7 /* EventStore.swift */ = {isa = PBXFileReference; lastKnownFileType = sourcecode.swift; path = EventStore.swift; sourceTree = "<group>"; };
		BCDFE90D273DD2A000DD35F7 /* EphemeralTopicTests.swift */ = {isa = PBXFileReference; lastKnownFileType = sourcecode.swift; path = EphemeralTopicTests.swift; sourceTree = "<group>"; };
		BCDFE90F273EE30A00DD35F7 /* EphemeralEventStoreTests.swift */ = {isa = PBXFileReference; lastKnownFileType = sourcecode.swift; path = EphemeralEventStoreTests.swift; sourceTree = "<group>"; };
/* End PBXFileReference section */

/* Begin PBXFrameworksBuildPhase section */
		BC467201268FB96E00B2CBE7 /* Frameworks */ = {
			isa = PBXFrameworksBuildPhase;
			buildActionMask = 2147483647;
			files = (
				BCD1A7AD27515A4000F85516 /* CodableCSV in Frameworks */,
				BC7F2F482746F02300AE5B0B /* GRDB in Frameworks */,
			);
			runOnlyForDeploymentPostprocessing = 0;
		};
		BC467212268FB97000B2CBE7 /* Frameworks */ = {
			isa = PBXFrameworksBuildPhase;
			buildActionMask = 2147483647;
			files = (
				BCCAEE4D2698FE75006F0707 /* Quick in Frameworks */,
				BCC05BEB26B6D2E1001B4C42 /* CombineExpectations in Frameworks */,
			);
			runOnlyForDeploymentPostprocessing = 0;
		};
		BC46721D268FB97100B2CBE7 /* Frameworks */ = {
			isa = PBXFrameworksBuildPhase;
			buildActionMask = 2147483647;
			files = (
				BCCAEE572698FEA2006F0707 /* Quick in Frameworks */,
			);
			runOnlyForDeploymentPostprocessing = 0;
		};
/* End PBXFrameworksBuildPhase section */

/* Begin PBXGroup section */
		BC00EE4F2741A87F00A480A6 /* EventStore */ = {
			isa = PBXGroup;
			children = (
				BCDFE90D273DD2A000DD35F7 /* EphemeralTopicTests.swift */,
				BCDFE90F273EE30A00DD35F7 /* EphemeralEventStoreTests.swift */,
				BC00EE502741A89400A480A6 /* TestEvent.swift */,
				BC7F2F4E2748018C00AE5B0B /* PersistentEventTopicTests.swift */,
				BCD1A7A22748478C00F85516 /* PersistentEventStoreTests.swift */,
				BC7F2F50274806B100AE5B0B /* TestDatabase.swift */,
			);
			path = EventStore;
			sourceTree = "<group>";
		};
		BC00EE532742CF0D00A480A6 /* Project Name */ = {
			isa = PBXGroup;
			children = (
				BC00EE562742CFCA00A480A6 /* ProjectNameEvent.swift */,
				BC00EE582742CFEE00A480A6 /* ProjectNameService.swift */,
			);
			path = "Project Name";
			sourceTree = "<group>";
		};
		BC2DE80C272332380015C190 /* Grade */ = {
			isa = PBXGroup;
			children = (
				BCC05BE426A9C1D0001B4C42 /* Grade.swift */,
				BC0B37A0273C3EF70069B575 /* FontGrade.swift */,
				BC0B37A2273C3EFE0069B575 /* FrenchGrade.swift */,
				BC43D9A3269B3D73002C984E /* HuecoGrade.swift */,
				BC9C2B8B26A6190B00520E04 /* YosemiteDecimalGrade.swift */,
			);
			path = Grade;
			sourceTree = "<group>";
		};
		BC43D974269A9E23002C984E /* AddProject */ = {
			isa = PBXGroup;
			children = (
				BC43D975269A9E49002C984E /* AddProjectView.swift */,
				BC9C2B9A26A7A2EF00520E04 /* CategoryPicker.swift */,
				BC9C2B9026A61B8400520E04 /* GradePicker.swift */,
				BC9C2B9526A61BDA00520E04 /* AddProjectViewModel.swift */,
			);
			path = AddProject;
			sourceTree = "<group>";
		};
		BC43D990269B380E002C984E /* Domain */ = {
			isa = PBXGroup;
			children = (
				BCD1A7AE27515A9100F85516 /* Import */,
				BC7F2F442745742000AE5B0B /* NamedProjectCreationWorkflow.swift */,
				BC00EE532742CF0D00A480A6 /* Project Name */,
				BC43D991269B3845002C984E /* Project */,
				BC2DE80C272332380015C190 /* Grade */,
			);
			path = Domain;
			sourceTree = "<group>";
		};
		BC43D991269B3845002C984E /* Project */ = {
			isa = PBXGroup;
			children = (
				BC43D992269B3852002C984E /* Project.swift */,
				BC927089269B7054002734CD /* ProjectService.swift */,
			);
			path = Project;
			sourceTree = "<group>";
		};
		BC43D99F269B3D5B002C984E /* App */ = {
			isa = PBXGroup;
			children = (
				BC467207268FB96E00B2CBE7 /* ClimbTrackerApp.swift */,
				BCC650C5274563EA00C98743 /* Services */,
				BCD1A7B327527E9700F85516 /* Import */,
				BCDFE90C273DAB0300DD35F7 /* EventStore */,
			);
			path = App;
			sourceTree = "<group>";
		};
		BC4671FB268FB96E00B2CBE7 = {
			isa = PBXGroup;
			children = (
				BC467206268FB96E00B2CBE7 /* ClimbTracker */,
				BC467218268FB97100B2CBE7 /* ClimbTrackerTests */,
				BC467223268FB97100B2CBE7 /* ClimbTrackerUITests */,
				BC467205268FB96E00B2CBE7 /* Products */,
				BCCAEE532698FE97006F0707 /* Frameworks */,
			);
			sourceTree = "<group>";
		};
		BC467205268FB96E00B2CBE7 /* Products */ = {
			isa = PBXGroup;
			children = (
				BC467204268FB96E00B2CBE7 /* ClimbTracker.app */,
				BC467215268FB97100B2CBE7 /* ClimbTrackerTests.xctest */,
				BC467220268FB97100B2CBE7 /* ClimbTrackerUITests.xctest */,
			);
			name = Products;
			sourceTree = "<group>";
		};
		BC467206268FB96E00B2CBE7 /* ClimbTracker */ = {
			isa = PBXGroup;
			children = (
				BC43D99F269B3D5B002C984E /* App */,
				BC43D990269B380E002C984E /* Domain */,
				BCCAEDEF26948E85006F0707 /* Views */,
				BC46720B268FB97000B2CBE7 /* Assets.xcassets */,
				BC467210268FB97000B2CBE7 /* Info.plist */,
				BC46720D268FB97000B2CBE7 /* Preview Content */,
			);
			path = ClimbTracker;
			sourceTree = "<group>";
		};
		BC46720D268FB97000B2CBE7 /* Preview Content */ = {
			isa = PBXGroup;
			children = (
				BC46720E268FB97000B2CBE7 /* Preview Assets.xcassets */,
			);
			path = "Preview Content";
			sourceTree = "<group>";
		};
		BC467218268FB97100B2CBE7 /* ClimbTrackerTests */ = {
			isa = PBXGroup;
			children = (
				BC7EF03A275536F500225C0D /* Test Services */,
				BC46721B268FB97100B2CBE7 /* Info.plist */,
				BC92708E269B71B2002734CD /* ProjectEventServiceTests.swift */,
				BC2ECFDC269B877400838466 /* ProjectListViewModelTests.swift */,
				BC00EE4F2741A87F00A480A6 /* EventStore */,
				BC00EE4D273F163E00A480A6 /* XCTestCase+Async.swift */,
				BC00EE5A2742F71000A480A6 /* ProjectNameEventServiceTests.swift */,
				BCD1A7A4274C09AD00F85516 /* PrincipalClass.swift */,
				BCD1A7A9274D929300F85516 /* BoulderProjectTests.swift */,
				BC7EF032275290BA00225C0D /* CSVRowTests.swift */,
				BC7EF038275532C900225C0D /* CSVImporterTests.swift */,
			);
			path = ClimbTrackerTests;
			sourceTree = "<group>";
		};
		BC467223268FB97100B2CBE7 /* ClimbTrackerUITests */ = {
			isa = PBXGroup;
			children = (
				BCD1A7A7274C42AC00F85516 /* App+LaunchArgs.swift */,
				BCCAEE582698FF71006F0707 /* Page Objects */,
				BC467224268FB97100B2CBE7 /* ProjectListViewUITests.swift */,
				BC1F5204272B244000702432 /* AddProjectAttemptViewUITests.swift */,
				BC43D98B269B1CED002C984E /* AddProjectViewUITests.swift */,
				BC467226268FB97100B2CBE7 /* Info.plist */,
			);
			path = ClimbTrackerUITests;
			sourceTree = "<group>";
		};
		BC7EF03A275536F500225C0D /* Test Services */ = {
			isa = PBXGroup;
			children = (
				BC7EF03B275536FF00225C0D /* TestProjectService.swift */,
				BC7EF03D2755371000225C0D /* TestProjectNameService.swift */,
			);
			path = "Test Services";
			sourceTree = "<group>";
		};
		BC7F2F4B2746FC2600AE5B0B /* Persistent Event Store */ = {
			isa = PBXGroup;
			children = (
				BC7F2F492746F04600AE5B0B /* PersistentEventStore.swift */,
				BC7F2F4C2746FC3100AE5B0B /* GRDB+AsyncAwait.swift */,
			);
			path = "Persistent Event Store";
			sourceTree = "<group>";
		};
		BCC650C02745637800C98743 /* Preview Helpers */ = {
			isa = PBXGroup;
			children = (
				BCDFE906273D73E600DD35F7 /* PreviewServices.swift */,
			);
			path = "Preview Helpers";
			sourceTree = "<group>";
		};
		BCC650C5274563EA00C98743 /* Services */ = {
			isa = PBXGroup;
			children = (
				BCC650C1274563AD00C98743 /* ProjectNameEventService.swift */,
				BCC650C3274563BC00C98743 /* ProjectEventService.swift */,
			);
			path = Services;
			sourceTree = "<group>";
		};
		BCCAEDEF26948E85006F0707 /* Views */ = {
			isa = PBXGroup;
			children = (
				BCC650C02745637800C98743 /* Preview Helpers */,
				BC43D974269A9E23002C984E /* AddProject */,
				BCCAEE6D269A7F56006F0707 /* ProjectList */,
			);
			path = Views;
			sourceTree = "<group>";
		};
		BCCAEE532698FE97006F0707 /* Frameworks */ = {
			isa = PBXGroup;
			children = (
			);
			name = Frameworks;
			sourceTree = "<group>";
		};
		BCCAEE582698FF71006F0707 /* Page Objects */ = {
			isa = PBXGroup;
			children = (
				BCCAEE592698FFAC006F0707 /* ProjectListPageObject.swift */,
				BC43D980269AA146002C984E /* AddProjectPageObject.swift */,
			);
			path = "Page Objects";
			sourceTree = "<group>";
		};
		BCCAEE6D269A7F56006F0707 /* ProjectList */ = {
			isa = PBXGroup;
			children = (
				BC467209268FB96E00B2CBE7 /* ProjectListView.swift */,
				BC2ECFEF269B9C7200838466 /* ProjectListElementView.swift */,
				BC2ECFD7269B852800838466 /* ProjectListViewModel.swift */,
				BCDFE904273C684100DD35F7 /* ProjectSummary.swift */,
			);
			path = ProjectList;
			sourceTree = "<group>";
		};
		BCD1A7AE27515A9100F85516 /* Import */ = {
			isa = PBXGroup;
			children = (
				BCD1A7AF27515AC200F85516 /* CSVImporter.swift */,
				BC7EF03527552E9C00225C0D /* CSVRow.swift */,
			);
			path = Import;
			sourceTree = "<group>";
		};
		BCD1A7B327527E9700F85516 /* Import */ = {
			isa = PBXGroup;
			children = (
				BCD1A7B127527E7A00F85516 /* export_2019_to_2021_05_23.csv */,
			);
			path = Import;
			sourceTree = "<group>";
		};
		BCDFE90C273DAB0300DD35F7 /* EventStore */ = {
			isa = PBXGroup;
			children = (
				BCDFE90A273DA12F00DD35F7 /* EventStore.swift */,
				BCC650C827456AD900C98743 /* Publisher+Log.swift */,
				BCC650C627456AB300C98743 /* EphemeralEventStore.swift */,
				BC7F2F4B2746FC2600AE5B0B /* Persistent Event Store */,
			);
			path = EventStore;
			sourceTree = "<group>";
		};
/* End PBXGroup section */

/* Begin PBXNativeTarget section */
		BC467203268FB96E00B2CBE7 /* ClimbTracker */ = {
			isa = PBXNativeTarget;
			buildConfigurationList = BC467229268FB97100B2CBE7 /* Build configuration list for PBXNativeTarget "ClimbTracker" */;
			buildPhases = (
				BC467200268FB96E00B2CBE7 /* Sources */,
				BC467201268FB96E00B2CBE7 /* Frameworks */,
				BC467202268FB96E00B2CBE7 /* Resources */,
			);
			buildRules = (
			);
			dependencies = (
			);
			name = ClimbTracker;
			packageProductDependencies = (
				BC7F2F472746F02300AE5B0B /* GRDB */,
				BCD1A7AC27515A4000F85516 /* CodableCSV */,
			);
			productName = ClimbTracker;
			productReference = BC467204268FB96E00B2CBE7 /* ClimbTracker.app */;
			productType = "com.apple.product-type.application";
		};
		BC467214268FB97000B2CBE7 /* ClimbTrackerTests */ = {
			isa = PBXNativeTarget;
			buildConfigurationList = BC46722C268FB97100B2CBE7 /* Build configuration list for PBXNativeTarget "ClimbTrackerTests" */;
			buildPhases = (
				BC467211268FB97000B2CBE7 /* Sources */,
				BC467212268FB97000B2CBE7 /* Frameworks */,
				BC467213268FB97000B2CBE7 /* Resources */,
			);
			buildRules = (
			);
			dependencies = (
				BC467217268FB97100B2CBE7 /* PBXTargetDependency */,
			);
			name = ClimbTrackerTests;
			packageProductDependencies = (
				BCCAEE4C2698FE75006F0707 /* Quick */,
				BCC05BEA26B6D2E1001B4C42 /* CombineExpectations */,
			);
			productName = ClimbTrackerTests;
			productReference = BC467215268FB97100B2CBE7 /* ClimbTrackerTests.xctest */;
			productType = "com.apple.product-type.bundle.unit-test";
		};
		BC46721F268FB97100B2CBE7 /* ClimbTrackerUITests */ = {
			isa = PBXNativeTarget;
			buildConfigurationList = BC46722F268FB97100B2CBE7 /* Build configuration list for PBXNativeTarget "ClimbTrackerUITests" */;
			buildPhases = (
				BC46721C268FB97100B2CBE7 /* Sources */,
				BC46721D268FB97100B2CBE7 /* Frameworks */,
				BC46721E268FB97100B2CBE7 /* Resources */,
			);
			buildRules = (
			);
			dependencies = (
				BC467222268FB97100B2CBE7 /* PBXTargetDependency */,
			);
			name = ClimbTrackerUITests;
			packageProductDependencies = (
				BCCAEE562698FEA2006F0707 /* Quick */,
			);
			productName = ClimbTrackerUITests;
			productReference = BC467220268FB97100B2CBE7 /* ClimbTrackerUITests.xctest */;
			productType = "com.apple.product-type.bundle.ui-testing";
		};
/* End PBXNativeTarget section */

/* Begin PBXProject section */
		BC4671FC268FB96E00B2CBE7 /* Project object */ = {
			isa = PBXProject;
			attributes = {
				LastSwiftUpdateCheck = 1240;
				LastUpgradeCheck = 1240;
				TargetAttributes = {
					BC467203268FB96E00B2CBE7 = {
						CreatedOnToolsVersion = 12.4;
					};
					BC467214268FB97000B2CBE7 = {
						CreatedOnToolsVersion = 12.4;
						LastSwiftMigration = 1240;
						TestTargetID = BC467203268FB96E00B2CBE7;
					};
					BC46721F268FB97100B2CBE7 = {
						CreatedOnToolsVersion = 12.4;
						TestTargetID = BC467203268FB96E00B2CBE7;
					};
				};
			};
			buildConfigurationList = BC4671FF268FB96E00B2CBE7 /* Build configuration list for PBXProject "ClimbTracker" */;
			compatibilityVersion = "Xcode 9.3";
			developmentRegion = en;
			hasScannedForEncodings = 0;
			knownRegions = (
				en,
				Base,
			);
			mainGroup = BC4671FB268FB96E00B2CBE7;
			packageReferences = (
				BCCAEE4B2698FE74006F0707 /* XCRemoteSwiftPackageReference "Quick" */,
				BCC05BE926B6D2E0001B4C42 /* XCRemoteSwiftPackageReference "CombineExpectations" */,
				BC7F2F462746F02200AE5B0B /* XCRemoteSwiftPackageReference "GRDB.swift" */,
				BCD1A7AB27515A3E00F85516 /* XCRemoteSwiftPackageReference "CodableCSV" */,
			);
			productRefGroup = BC467205268FB96E00B2CBE7 /* Products */;
			projectDirPath = "";
			projectRoot = "";
			targets = (
				BC467203268FB96E00B2CBE7 /* ClimbTracker */,
				BC467214268FB97000B2CBE7 /* ClimbTrackerTests */,
				BC46721F268FB97100B2CBE7 /* ClimbTrackerUITests */,
			);
		};
/* End PBXProject section */

/* Begin PBXResourcesBuildPhase section */
		BC467202268FB96E00B2CBE7 /* Resources */ = {
			isa = PBXResourcesBuildPhase;
			buildActionMask = 2147483647;
			files = (
				BC46720F268FB97000B2CBE7 /* Preview Assets.xcassets in Resources */,
				BCD1A7B227527E7A00F85516 /* export_2019_to_2021_05_23.csv in Resources */,
				BC46720C268FB97000B2CBE7 /* Assets.xcassets in Resources */,
			);
			runOnlyForDeploymentPostprocessing = 0;
		};
		BC467213268FB97000B2CBE7 /* Resources */ = {
			isa = PBXResourcesBuildPhase;
			buildActionMask = 2147483647;
			files = (
				BC7EF03427552AA000225C0D /* export_2019_to_2021_05_23.csv in Resources */,
			);
			runOnlyForDeploymentPostprocessing = 0;
		};
		BC46721E268FB97100B2CBE7 /* Resources */ = {
			isa = PBXResourcesBuildPhase;
			buildActionMask = 2147483647;
			files = (
			);
			runOnlyForDeploymentPostprocessing = 0;
		};
/* End PBXResourcesBuildPhase section */

/* Begin PBXSourcesBuildPhase section */
		BC467200268FB96E00B2CBE7 /* Sources */ = {
			isa = PBXSourcesBuildPhase;
			buildActionMask = 2147483647;
			files = (
				BC43D9A4269B3D73002C984E /* HuecoGrade.swift in Sources */,
				BC9C2B9B26A7A2EF00520E04 /* CategoryPicker.swift in Sources */,
				BC00EE592742CFEE00A480A6 /* ProjectNameService.swift in Sources */,
				BCC650C2274563AD00C98743 /* ProjectNameEventService.swift in Sources */,
				BC7F2F4D2746FC3100AE5B0B /* GRDB+AsyncAwait.swift in Sources */,
				BC0B37A1273C3EF70069B575 /* FontGrade.swift in Sources */,
				BCC650C727456AB300C98743 /* EphemeralEventStore.swift in Sources */,
				BC46720A268FB96E00B2CBE7 /* ProjectListView.swift in Sources */,
				BC7F2F4A2746F04600AE5B0B /* PersistentEventStore.swift in Sources */,
				BCC650C927456AD900C98743 /* Publisher+Log.swift in Sources */,
				BC43D993269B3852002C984E /* Project.swift in Sources */,
				BC2ECFF0269B9C7200838466 /* ProjectListElementView.swift in Sources */,
				BCD1A7B027515AC200F85516 /* CSVImporter.swift in Sources */,
				BCDFE905273C684100DD35F7 /* ProjectSummary.swift in Sources */,
				BC9C2B9126A61B8400520E04 /* GradePicker.swift in Sources */,
				BC7F2F452745742000AE5B0B /* NamedProjectCreationWorkflow.swift in Sources */,
				BCDFE90B273DA12F00DD35F7 /* EventStore.swift in Sources */,
				BC43D976269A9E49002C984E /* AddProjectView.swift in Sources */,
				BC00EE572742CFCA00A480A6 /* ProjectNameEvent.swift in Sources */,
				BCC05BE526A9C1D0001B4C42 /* Grade.swift in Sources */,
				BCDFE907273D73E600DD35F7 /* PreviewServices.swift in Sources */,
				BC467208268FB96E00B2CBE7 /* ClimbTrackerApp.swift in Sources */,
				BC9C2B8C26A6190B00520E04 /* YosemiteDecimalGrade.swift in Sources */,
				BC7EF03627552E9C00225C0D /* CSVRow.swift in Sources */,
				BC92708A269B7054002734CD /* ProjectService.swift in Sources */,
				BC0B37A3273C3EFE0069B575 /* FrenchGrade.swift in Sources */,
				BC9C2B9626A61BDA00520E04 /* AddProjectViewModel.swift in Sources */,
				BCC650C4274563BC00C98743 /* ProjectEventService.swift in Sources */,
				BC2ECFD8269B852800838466 /* ProjectListViewModel.swift in Sources */,
			);
			runOnlyForDeploymentPostprocessing = 0;
		};
		BC467211268FB97000B2CBE7 /* Sources */ = {
			isa = PBXSourcesBuildPhase;
			buildActionMask = 2147483647;
			files = (
				BC7EF03E2755371000225C0D /* TestProjectNameService.swift in Sources */,
				BC00EE512741A89400A480A6 /* TestEvent.swift in Sources */,
				BCD1A7A6274C10CC00F85516 /* ProjectListViewModelTests.swift in Sources */,
				BC7F2F51274806B100AE5B0B /* TestDatabase.swift in Sources */,
				BCD1A7AA274D929300F85516 /* BoulderProjectTests.swift in Sources */,
				BC00EE5B2742F71000A480A6 /* ProjectNameEventServiceTests.swift in Sources */,
				BC7EF03C275536FF00225C0D /* TestProjectService.swift in Sources */,
				BC00EE4E273F163E00A480A6 /* XCTestCase+Async.swift in Sources */,
				BC00EE522742BDAE00A480A6 /* ProjectEventServiceTests.swift in Sources */,
				BCD1A7A5274C09AD00F85516 /* PrincipalClass.swift in Sources */,
				BCD1A7A32748478C00F85516 /* PersistentEventStoreTests.swift in Sources */,
				BC7EF033275290BA00225C0D /* CSVRowTests.swift in Sources */,
				BC7EF039275532C900225C0D /* CSVImporterTests.swift in Sources */,
				BCDFE910273EE30A00DD35F7 /* EphemeralEventStoreTests.swift in Sources */,
				BC7F2F4F2748018C00AE5B0B /* PersistentEventTopicTests.swift in Sources */,
				BCDFE90E273DD2A000DD35F7 /* EphemeralTopicTests.swift in Sources */,
			);
			runOnlyForDeploymentPostprocessing = 0;
		};
		BC46721C268FB97100B2CBE7 /* Sources */ = {
			isa = PBXSourcesBuildPhase;
			buildActionMask = 2147483647;
			files = (
				BC43D98C269B1CED002C984E /* AddProjectViewUITests.swift in Sources */,
				BC467225268FB97100B2CBE7 /* ProjectListViewUITests.swift in Sources */,
				BC43D981269AA146002C984E /* AddProjectPageObject.swift in Sources */,
				BCCAEE5A2698FFAC006F0707 /* ProjectListPageObject.swift in Sources */,
				BC1F5205272B244000702432 /* AddProjectAttemptViewUITests.swift in Sources */,
				BCD1A7A8274C42AC00F85516 /* App+LaunchArgs.swift in Sources */,
			);
			runOnlyForDeploymentPostprocessing = 0;
		};
/* End PBXSourcesBuildPhase section */

/* Begin PBXTargetDependency section */
		BC467217268FB97100B2CBE7 /* PBXTargetDependency */ = {
			isa = PBXTargetDependency;
			target = BC467203268FB96E00B2CBE7 /* ClimbTracker */;
			targetProxy = BC467216268FB97100B2CBE7 /* PBXContainerItemProxy */;
		};
		BC467222268FB97100B2CBE7 /* PBXTargetDependency */ = {
			isa = PBXTargetDependency;
			target = BC467203268FB96E00B2CBE7 /* ClimbTracker */;
			targetProxy = BC467221268FB97100B2CBE7 /* PBXContainerItemProxy */;
		};
/* End PBXTargetDependency section */

/* Begin XCBuildConfiguration section */
		BC467227268FB97100B2CBE7 /* Debug */ = {
			isa = XCBuildConfiguration;
			buildSettings = {
				ALWAYS_SEARCH_USER_PATHS = NO;
				CLANG_ANALYZER_NONNULL = YES;
				CLANG_ANALYZER_NUMBER_OBJECT_CONVERSION = YES_AGGRESSIVE;
				CLANG_CXX_LANGUAGE_STANDARD = "gnu++14";
				CLANG_CXX_LIBRARY = "libc++";
				CLANG_ENABLE_MODULES = YES;
				CLANG_ENABLE_OBJC_ARC = YES;
				CLANG_ENABLE_OBJC_WEAK = YES;
				CLANG_WARN_BLOCK_CAPTURE_AUTORELEASING = YES;
				CLANG_WARN_BOOL_CONVERSION = YES;
				CLANG_WARN_COMMA = YES;
				CLANG_WARN_CONSTANT_CONVERSION = YES;
				CLANG_WARN_DEPRECATED_OBJC_IMPLEMENTATIONS = YES;
				CLANG_WARN_DIRECT_OBJC_ISA_USAGE = YES_ERROR;
				CLANG_WARN_DOCUMENTATION_COMMENTS = YES;
				CLANG_WARN_EMPTY_BODY = YES;
				CLANG_WARN_ENUM_CONVERSION = YES;
				CLANG_WARN_INFINITE_RECURSION = YES;
				CLANG_WARN_INT_CONVERSION = YES;
				CLANG_WARN_NON_LITERAL_NULL_CONVERSION = YES;
				CLANG_WARN_OBJC_IMPLICIT_RETAIN_SELF = YES;
				CLANG_WARN_OBJC_LITERAL_CONVERSION = YES;
				CLANG_WARN_OBJC_ROOT_CLASS = YES_ERROR;
				CLANG_WARN_QUOTED_INCLUDE_IN_FRAMEWORK_HEADER = YES;
				CLANG_WARN_RANGE_LOOP_ANALYSIS = YES;
				CLANG_WARN_STRICT_PROTOTYPES = YES;
				CLANG_WARN_SUSPICIOUS_MOVE = YES;
				CLANG_WARN_UNGUARDED_AVAILABILITY = YES_AGGRESSIVE;
				CLANG_WARN_UNREACHABLE_CODE = YES;
				CLANG_WARN__DUPLICATE_METHOD_MATCH = YES;
				COPY_PHASE_STRIP = NO;
				DEBUG_INFORMATION_FORMAT = dwarf;
				ENABLE_STRICT_OBJC_MSGSEND = YES;
				ENABLE_TESTABILITY = YES;
				GCC_C_LANGUAGE_STANDARD = gnu11;
				GCC_DYNAMIC_NO_PIC = NO;
				GCC_NO_COMMON_BLOCKS = YES;
				GCC_OPTIMIZATION_LEVEL = 0;
				GCC_PREPROCESSOR_DEFINITIONS = (
					"DEBUG=1",
					"$(inherited)",
				);
				GCC_WARN_64_TO_32_BIT_CONVERSION = YES;
				GCC_WARN_ABOUT_RETURN_TYPE = YES_ERROR;
				GCC_WARN_UNDECLARED_SELECTOR = YES;
				GCC_WARN_UNINITIALIZED_AUTOS = YES_AGGRESSIVE;
				GCC_WARN_UNUSED_FUNCTION = YES;
				GCC_WARN_UNUSED_VARIABLE = YES;
				IPHONEOS_DEPLOYMENT_TARGET = 15.0;
				MTL_ENABLE_DEBUG_INFO = INCLUDE_SOURCE;
				MTL_FAST_MATH = YES;
				ONLY_ACTIVE_ARCH = YES;
				SDKROOT = iphoneos;
				SWIFT_ACTIVE_COMPILATION_CONDITIONS = DEBUG;
				SWIFT_OPTIMIZATION_LEVEL = "-Onone";
			};
			name = Debug;
		};
		BC467228268FB97100B2CBE7 /* Release */ = {
			isa = XCBuildConfiguration;
			buildSettings = {
				ALWAYS_SEARCH_USER_PATHS = NO;
				CLANG_ANALYZER_NONNULL = YES;
				CLANG_ANALYZER_NUMBER_OBJECT_CONVERSION = YES_AGGRESSIVE;
				CLANG_CXX_LANGUAGE_STANDARD = "gnu++14";
				CLANG_CXX_LIBRARY = "libc++";
				CLANG_ENABLE_MODULES = YES;
				CLANG_ENABLE_OBJC_ARC = YES;
				CLANG_ENABLE_OBJC_WEAK = YES;
				CLANG_WARN_BLOCK_CAPTURE_AUTORELEASING = YES;
				CLANG_WARN_BOOL_CONVERSION = YES;
				CLANG_WARN_COMMA = YES;
				CLANG_WARN_CONSTANT_CONVERSION = YES;
				CLANG_WARN_DEPRECATED_OBJC_IMPLEMENTATIONS = YES;
				CLANG_WARN_DIRECT_OBJC_ISA_USAGE = YES_ERROR;
				CLANG_WARN_DOCUMENTATION_COMMENTS = YES;
				CLANG_WARN_EMPTY_BODY = YES;
				CLANG_WARN_ENUM_CONVERSION = YES;
				CLANG_WARN_INFINITE_RECURSION = YES;
				CLANG_WARN_INT_CONVERSION = YES;
				CLANG_WARN_NON_LITERAL_NULL_CONVERSION = YES;
				CLANG_WARN_OBJC_IMPLICIT_RETAIN_SELF = YES;
				CLANG_WARN_OBJC_LITERAL_CONVERSION = YES;
				CLANG_WARN_OBJC_ROOT_CLASS = YES_ERROR;
				CLANG_WARN_QUOTED_INCLUDE_IN_FRAMEWORK_HEADER = YES;
				CLANG_WARN_RANGE_LOOP_ANALYSIS = YES;
				CLANG_WARN_STRICT_PROTOTYPES = YES;
				CLANG_WARN_SUSPICIOUS_MOVE = YES;
				CLANG_WARN_UNGUARDED_AVAILABILITY = YES_AGGRESSIVE;
				CLANG_WARN_UNREACHABLE_CODE = YES;
				CLANG_WARN__DUPLICATE_METHOD_MATCH = YES;
				COPY_PHASE_STRIP = NO;
				DEBUG_INFORMATION_FORMAT = "dwarf-with-dsym";
				ENABLE_NS_ASSERTIONS = NO;
				ENABLE_STRICT_OBJC_MSGSEND = YES;
				GCC_C_LANGUAGE_STANDARD = gnu11;
				GCC_NO_COMMON_BLOCKS = YES;
				GCC_WARN_64_TO_32_BIT_CONVERSION = YES;
				GCC_WARN_ABOUT_RETURN_TYPE = YES_ERROR;
				GCC_WARN_UNDECLARED_SELECTOR = YES;
				GCC_WARN_UNINITIALIZED_AUTOS = YES_AGGRESSIVE;
				GCC_WARN_UNUSED_FUNCTION = YES;
				GCC_WARN_UNUSED_VARIABLE = YES;
				IPHONEOS_DEPLOYMENT_TARGET = 15.0;
				MTL_ENABLE_DEBUG_INFO = NO;
				MTL_FAST_MATH = YES;
				SDKROOT = iphoneos;
				SWIFT_COMPILATION_MODE = wholemodule;
				SWIFT_OPTIMIZATION_LEVEL = "-O";
				VALIDATE_PRODUCT = YES;
			};
			name = Release;
		};
		BC46722A268FB97100B2CBE7 /* Debug */ = {
			isa = XCBuildConfiguration;
			buildSettings = {
				ASSETCATALOG_COMPILER_APPICON_NAME = AppIcon;
				ASSETCATALOG_COMPILER_GLOBAL_ACCENT_COLOR_NAME = AccentColor;
				CODE_SIGN_STYLE = Automatic;
				DEVELOPMENT_ASSET_PATHS = "\"ClimbTracker/Preview Content\"";
				DEVELOPMENT_TEAM = 24W7LYJT68;
				ENABLE_PREVIEWS = YES;
				INFOPLIST_FILE = ClimbTracker/Info.plist;
				LD_RUNPATH_SEARCH_PATHS = (
					"$(inherited)",
					"@executable_path/Frameworks",
				);
				PRODUCT_BUNDLE_IDENTIFIER = com.bgerstle.ClimbTracker;
				PRODUCT_NAME = "$(TARGET_NAME)";
				SWIFT_VERSION = 5.0;
				TARGETED_DEVICE_FAMILY = "1,2";
			};
			name = Debug;
		};
		BC46722B268FB97100B2CBE7 /* Release */ = {
			isa = XCBuildConfiguration;
			buildSettings = {
				ASSETCATALOG_COMPILER_APPICON_NAME = AppIcon;
				ASSETCATALOG_COMPILER_GLOBAL_ACCENT_COLOR_NAME = AccentColor;
				CODE_SIGN_STYLE = Automatic;
				DEVELOPMENT_ASSET_PATHS = "\"ClimbTracker/Preview Content\"";
				DEVELOPMENT_TEAM = 24W7LYJT68;
				ENABLE_PREVIEWS = YES;
				INFOPLIST_FILE = ClimbTracker/Info.plist;
				LD_RUNPATH_SEARCH_PATHS = (
					"$(inherited)",
					"@executable_path/Frameworks",
				);
				PRODUCT_BUNDLE_IDENTIFIER = com.bgerstle.ClimbTracker;
				PRODUCT_NAME = "$(TARGET_NAME)";
				SWIFT_VERSION = 5.0;
				TARGETED_DEVICE_FAMILY = "1,2";
			};
			name = Release;
		};
		BC46722D268FB97100B2CBE7 /* Debug */ = {
			isa = XCBuildConfiguration;
			buildSettings = {
				ALWAYS_EMBED_SWIFT_STANDARD_LIBRARIES = YES;
				BUNDLE_LOADER = "$(TEST_HOST)";
				CLANG_ENABLE_MODULES = YES;
				CODE_SIGN_STYLE = Automatic;
				INFOPLIST_FILE = ClimbTrackerTests/Info.plist;
				LD_RUNPATH_SEARCH_PATHS = (
					"$(inherited)",
					"@executable_path/Frameworks",
					"@loader_path/Frameworks",
				);
				PRODUCT_BUNDLE_IDENTIFIER = com.bgerstle.ClimbTrackerTests;
				PRODUCT_NAME = "$(TARGET_NAME)";
				SWIFT_OPTIMIZATION_LEVEL = "-Onone";
				SWIFT_VERSION = 5.0;
				TARGETED_DEVICE_FAMILY = "1,2";
				TEST_HOST = "$(BUILT_PRODUCTS_DIR)/ClimbTracker.app/ClimbTracker";
			};
			name = Debug;
		};
		BC46722E268FB97100B2CBE7 /* Release */ = {
			isa = XCBuildConfiguration;
			buildSettings = {
				ALWAYS_EMBED_SWIFT_STANDARD_LIBRARIES = YES;
				BUNDLE_LOADER = "$(TEST_HOST)";
				CLANG_ENABLE_MODULES = YES;
				CODE_SIGN_STYLE = Automatic;
				INFOPLIST_FILE = ClimbTrackerTests/Info.plist;
				LD_RUNPATH_SEARCH_PATHS = (
					"$(inherited)",
					"@executable_path/Frameworks",
					"@loader_path/Frameworks",
				);
				PRODUCT_BUNDLE_IDENTIFIER = com.bgerstle.ClimbTrackerTests;
				PRODUCT_NAME = "$(TARGET_NAME)";
				SWIFT_VERSION = 5.0;
				TARGETED_DEVICE_FAMILY = "1,2";
				TEST_HOST = "$(BUILT_PRODUCTS_DIR)/ClimbTracker.app/ClimbTracker";
			};
			name = Release;
		};
		BC467230268FB97100B2CBE7 /* Debug */ = {
			isa = XCBuildConfiguration;
			buildSettings = {
				ALWAYS_EMBED_SWIFT_STANDARD_LIBRARIES = YES;
				CODE_SIGN_STYLE = Automatic;
				INFOPLIST_FILE = ClimbTrackerUITests/Info.plist;
				LD_RUNPATH_SEARCH_PATHS = (
					"$(inherited)",
					"@executable_path/Frameworks",
					"@loader_path/Frameworks",
				);
				PRODUCT_BUNDLE_IDENTIFIER = com.bgerstle.ClimbTrackerUITests;
				PRODUCT_NAME = "$(TARGET_NAME)";
				SWIFT_VERSION = 5.0;
				TARGETED_DEVICE_FAMILY = "1,2";
				TEST_TARGET_NAME = ClimbTracker;
			};
			name = Debug;
		};
		BC467231268FB97100B2CBE7 /* Release */ = {
			isa = XCBuildConfiguration;
			buildSettings = {
				ALWAYS_EMBED_SWIFT_STANDARD_LIBRARIES = YES;
				CODE_SIGN_STYLE = Automatic;
				INFOPLIST_FILE = ClimbTrackerUITests/Info.plist;
				LD_RUNPATH_SEARCH_PATHS = (
					"$(inherited)",
					"@executable_path/Frameworks",
					"@loader_path/Frameworks",
				);
				PRODUCT_BUNDLE_IDENTIFIER = com.bgerstle.ClimbTrackerUITests;
				PRODUCT_NAME = "$(TARGET_NAME)";
				SWIFT_VERSION = 5.0;
				TARGETED_DEVICE_FAMILY = "1,2";
				TEST_TARGET_NAME = ClimbTracker;
			};
			name = Release;
		};
/* End XCBuildConfiguration section */

/* Begin XCConfigurationList section */
		BC4671FF268FB96E00B2CBE7 /* Build configuration list for PBXProject "ClimbTracker" */ = {
			isa = XCConfigurationList;
			buildConfigurations = (
				BC467227268FB97100B2CBE7 /* Debug */,
				BC467228268FB97100B2CBE7 /* Release */,
			);
			defaultConfigurationIsVisible = 0;
			defaultConfigurationName = Release;
		};
		BC467229268FB97100B2CBE7 /* Build configuration list for PBXNativeTarget "ClimbTracker" */ = {
			isa = XCConfigurationList;
			buildConfigurations = (
				BC46722A268FB97100B2CBE7 /* Debug */,
				BC46722B268FB97100B2CBE7 /* Release */,
			);
			defaultConfigurationIsVisible = 0;
			defaultConfigurationName = Release;
		};
		BC46722C268FB97100B2CBE7 /* Build configuration list for PBXNativeTarget "ClimbTrackerTests" */ = {
			isa = XCConfigurationList;
			buildConfigurations = (
				BC46722D268FB97100B2CBE7 /* Debug */,
				BC46722E268FB97100B2CBE7 /* Release */,
			);
			defaultConfigurationIsVisible = 0;
			defaultConfigurationName = Release;
		};
		BC46722F268FB97100B2CBE7 /* Build configuration list for PBXNativeTarget "ClimbTrackerUITests" */ = {
			isa = XCConfigurationList;
			buildConfigurations = (
				BC467230268FB97100B2CBE7 /* Debug */,
				BC467231268FB97100B2CBE7 /* Release */,
			);
			defaultConfigurationIsVisible = 0;
			defaultConfigurationName = Release;
		};
/* End XCConfigurationList section */

/* Begin XCRemoteSwiftPackageReference section */
		BC7F2F462746F02200AE5B0B /* XCRemoteSwiftPackageReference "GRDB.swift" */ = {
			isa = XCRemoteSwiftPackageReference;
			repositoryURL = "https://github.com/groue/GRDB.swift.git";
			requirement = {
				kind = upToNextMajorVersion;
				minimumVersion = 5.0.0;
			};
		};
		BCC05BE926B6D2E0001B4C42 /* XCRemoteSwiftPackageReference "CombineExpectations" */ = {
			isa = XCRemoteSwiftPackageReference;
			repositoryURL = "https://github.com/groue/CombineExpectations.git";
			requirement = {
				kind = upToNextMajorVersion;
				minimumVersion = 0.0.0;
			};
		};
		BCCAEE4B2698FE74006F0707 /* XCRemoteSwiftPackageReference "Quick" */ = {
			isa = XCRemoteSwiftPackageReference;
			repositoryURL = "https://github.com/Quick/Quick.git";
			requirement = {
				kind = upToNextMajorVersion;
				minimumVersion = 4.0.0;
			};
		};
		BCD1A7AB27515A3E00F85516 /* XCRemoteSwiftPackageReference "CodableCSV" */ = {
			isa = XCRemoteSwiftPackageReference;
			repositoryURL = "https://github.com/dehesa/CodableCSV";
			requirement = {
				kind = upToNextMajorVersion;
				minimumVersion = 0.6.7;
			};
		};
/* End XCRemoteSwiftPackageReference section */

/* Begin XCSwiftPackageProductDependency section */
		BC7F2F472746F02300AE5B0B /* GRDB */ = {
			isa = XCSwiftPackageProductDependency;
			package = BC7F2F462746F02200AE5B0B /* XCRemoteSwiftPackageReference "GRDB.swift" */;
			productName = GRDB;
		};
		BCC05BEA26B6D2E1001B4C42 /* CombineExpectations */ = {
			isa = XCSwiftPackageProductDependency;
			package = BCC05BE926B6D2E0001B4C42 /* XCRemoteSwiftPackageReference "CombineExpectations" */;
			productName = CombineExpectations;
		};
		BCCAEE4C2698FE75006F0707 /* Quick */ = {
			isa = XCSwiftPackageProductDependency;
			package = BCCAEE4B2698FE74006F0707 /* XCRemoteSwiftPackageReference "Quick" */;
			productName = Quick;
		};
		BCCAEE562698FEA2006F0707 /* Quick */ = {
			isa = XCSwiftPackageProductDependency;
			package = BCCAEE4B2698FE74006F0707 /* XCRemoteSwiftPackageReference "Quick" */;
			productName = Quick;
		};
		BCD1A7AC27515A4000F85516 /* CodableCSV */ = {
			isa = XCSwiftPackageProductDependency;
			package = BCD1A7AB27515A3E00F85516 /* XCRemoteSwiftPackageReference "CodableCSV" */;
			productName = CodableCSV;
		};
/* End XCSwiftPackageProductDependency section */
	};
	rootObject = BC4671FC268FB96E00B2CBE7 /* Project object */;
}
